{
  "version": 4,
  "terraform_version": "1.9.8",
  "serial": 705,
  "lineage": "23d69f7f-b742-accf-2c4d-953527121561",
  "outputs": {
    "vm_ids": {
      "value": {
        "k8s-master01": "42384f7a-00ce-f1e8-6878-fd93cf3ccc56",
        "k8s-master02": "42382355-3cca-b3fb-7236-5bec09e9f7b7",
        "k8s-master03": "423890f8-a14d-8295-ac4d-bdf008b37adc",
        "k8s-monitor": "423875d2-d742-5d62-9848-4cf7e9a15059",
        "k8s-worker01": "42388488-c1f3-cf3f-b9a5-7f133c665d0e",
        "k8s-worker02": "42386999-7c0a-a104-bfdb-31c0656be1b4",
        "k8s-worker03": "4238e367-263f-6791-045f-07f06b1fb897"
      },
      "type": [
        "object",
        {
          "k8s-master01": "string",
          "k8s-master02": "string",
          "k8s-master03": "string",
          "k8s-monitor": "string",
          "k8s-worker01": "string",
          "k8s-worker02": "string",
          "k8s-worker03": "string"
        }
      ]
    },
    "vm_names": {
      "value": {
        "k8s-master01": "k8s-master01",
        "k8s-master02": "k8s-master02",
        "k8s-master03": "k8s-master03",
        "k8s-monitor": "k8s-monitor",
        "k8s-worker01": "k8s-worker01",
        "k8s-worker02": "k8s-worker02",
        "k8s-worker03": "k8s-worker03"
      },
      "type": [
        "object",
        {
          "k8s-master01": "string",
          "k8s-master02": "string",
          "k8s-master03": "string",
          "k8s-monitor": "string",
          "k8s-worker01": "string",
          "k8s-worker02": "string",
          "k8s-worker03": "string"
        }
      ]
    }
  },
  "resources": [
    {
      "mode": "data",
      "type": "vsphere_compute_cluster",
      "name": "cluster",
      "provider": "provider[\"registry.terraform.io/hashicorp/vsphere\"]",
      "instances": [
        {
          "schema_version": 0,
          "attributes": {
            "datacenter_id": "datacenter-2",
            "id": "domain-c14",
            "name": "Home",
            "resource_pool_id": "resgroup-15"
          },
          "sensitive_attributes": []
        }
      ]
    },
    {
      "mode": "data",
      "type": "vsphere_datacenter",
      "name": "dc",
      "provider": "provider[\"registry.terraform.io/hashicorp/vsphere\"]",
      "instances": [
        {
          "schema_version": 0,
          "attributes": {
            "id": "datacenter-2",
            "name": "Home",
            "virtual_machines": [
              "VMware vCenter Server Appliance",
              "k8s-master01",
              "k8s-master02",
              "k8s-master03",
              "k8s-monitor",
              "k8s-worker01",
              "k8s-worker02",
              "k8s-worker03",
              "noble-server-cloudimg-amd64",
              "template-redhat8",
              "template-ubuntu-24",
              "ubuntu",
              "ubuntu-24-2"
            ]
          },
          "sensitive_attributes": []
        }
      ]
    },
    {
      "mode": "data",
      "type": "vsphere_datastore",
      "name": "ds1",
      "provider": "provider[\"registry.terraform.io/hashicorp/vsphere\"]",
      "instances": [
        {
          "schema_version": 0,
          "attributes": {
            "datacenter_id": "datacenter-2",
            "id": "datastore-10",
            "name": "datastore1",
            "stats": {
              "capacity": "850940395520",
              "free": "676636655616"
            }
          },
          "sensitive_attributes": []
        }
      ]
    },
    {
      "mode": "data",
      "type": "vsphere_datastore",
      "name": "ds2",
      "provider": "provider[\"registry.terraform.io/hashicorp/vsphere\"]",
      "instances": [
        {
          "schema_version": 0,
          "attributes": {
            "datacenter_id": "datacenter-2",
            "id": "datastore-21",
            "name": "datastore2",
            "stats": {
              "capacity": "858725023744",
              "free": "666806255616"
            }
          },
          "sensitive_attributes": []
        }
      ]
    },
    {
      "mode": "data",
      "type": "vsphere_network",
      "name": "network",
      "provider": "provider[\"registry.terraform.io/hashicorp/vsphere\"]",
      "instances": [
        {
          "schema_version": 0,
          "attributes": {
            "datacenter_id": "datacenter-2",
            "distributed_virtual_switch_uuid": null,
            "filter": null,
            "id": "network-11",
            "name": "VM Network",
            "type": "Network"
          },
          "sensitive_attributes": []
        }
      ]
    },
    {
      "mode": "data",
      "type": "vsphere_virtual_machine",
      "name": "template",
      "provider": "provider[\"registry.terraform.io/hashicorp/vsphere\"]",
      "instances": [
        {
          "index_key": "k8s-master01",
          "schema_version": 0,
          "attributes": {
            "alternate_guest_name": "",
            "annotation": "",
            "boot_delay": 5000,
            "boot_retry_delay": 10000,
            "boot_retry_enabled": false,
            "change_version": "2024-11-12T03:31:34.313576Z",
            "cpu_hot_add_enabled": false,
            "cpu_hot_remove_enabled": false,
            "cpu_limit": -1,
            "cpu_performance_counters_enabled": false,
            "cpu_reservation": 0,
            "cpu_share_count": 2000,
            "cpu_share_level": "normal",
            "datacenter_id": "datacenter-2",
            "default_ip_address": "10.6.6.90",
            "disks": [
              {
                "eagerly_scrub": false,
                "label": "Hard disk 1",
                "size": 50,
                "thin_provisioned": true,
                "unit_number": 0
              }
            ],
            "efi_secure_boot_enabled": false,
            "enable_disk_uuid": false,
            "enable_logging": false,
            "ept_rvi_mode": "automatic",
            "extra_config": {},
            "extra_config_reboot_required": true,
            "firmware": "bios",
            "folder": null,
            "guest_id": "rhel8_64Guest",
            "guest_ip_addresses": [
              "10.6.6.90",
              "fe80::250:56ff:feb8:c1df"
            ],
            "hardware_version": 14,
            "hv_mode": "hvAuto",
            "id": "423850b0-2348-c739-2e8d-e720153f56af",
            "ide_controller_scan_count": 2,
            "instance_uuid": "50381eca-7fa6-7521-9cad-c0136f1a023c",
            "latency_sensitivity": "normal",
            "memory": 4096,
            "memory_hot_add_enabled": false,
            "memory_limit": -1,
            "memory_reservation": 0,
            "memory_reservation_locked_to_max": false,
            "memory_share_count": 40960,
            "memory_share_level": "normal",
            "moid": "vm-113",
            "name": "template-redhat8",
            "nested_hv_enabled": false,
            "network_interface_types": [
              "vmxnet3"
            ],
            "network_interfaces": [
              {
                "adapter_type": "vmxnet3",
                "bandwidth_limit": -1,
                "bandwidth_reservation": 0,
                "bandwidth_share_count": 50,
                "bandwidth_share_level": "normal",
                "mac_address": "00:50:56:b8:c1:df",
                "network_id": "network-11",
                "physical_function": ""
              }
            ],
            "num_cores_per_socket": 1,
            "num_cpus": 2,
            "replace_trigger": null,
            "run_tools_scripts_after_power_on": true,
            "run_tools_scripts_after_resume": true,
            "run_tools_scripts_before_guest_reboot": false,
            "run_tools_scripts_before_guest_shutdown": true,
            "run_tools_scripts_before_guest_standby": true,
            "sata_controller_scan_count": 0,
            "scsi_bus_sharing": "noSharing",
            "scsi_controller_scan_count": 1,
            "scsi_type": "pvscsi",
            "storage_policy_id": null,
            "swap_placement_policy": "inherit",
            "sync_time_with_host": true,
            "sync_time_with_host_periodically": null,
            "tools_upgrade_policy": "manual",
            "uuid": "423850b0-2348-c739-2e8d-e720153f56af",
            "vapp": null,
            "vapp_transport": [],
            "vbs_enabled": false,
            "vtpm": null,
            "vvtd_enabled": false
          },
          "sensitive_attributes": []
        },
        {
          "index_key": "k8s-master02",
          "schema_version": 0,
          "attributes": {
            "alternate_guest_name": "",
            "annotation": "",
            "boot_delay": 5000,
            "boot_retry_delay": 10000,
            "boot_retry_enabled": false,
            "change_version": "2024-11-12T03:31:34.313576Z",
            "cpu_hot_add_enabled": false,
            "cpu_hot_remove_enabled": false,
            "cpu_limit": -1,
            "cpu_performance_counters_enabled": false,
            "cpu_reservation": 0,
            "cpu_share_count": 2000,
            "cpu_share_level": "normal",
            "datacenter_id": "datacenter-2",
            "default_ip_address": "10.6.6.90",
            "disks": [
              {
                "eagerly_scrub": false,
                "label": "Hard disk 1",
                "size": 50,
                "thin_provisioned": true,
                "unit_number": 0
              }
            ],
            "efi_secure_boot_enabled": false,
            "enable_disk_uuid": false,
            "enable_logging": false,
            "ept_rvi_mode": "automatic",
            "extra_config": {},
            "extra_config_reboot_required": true,
            "firmware": "bios",
            "folder": null,
            "guest_id": "rhel8_64Guest",
            "guest_ip_addresses": [
              "10.6.6.90",
              "fe80::250:56ff:feb8:c1df"
            ],
            "hardware_version": 14,
            "hv_mode": "hvAuto",
            "id": "423850b0-2348-c739-2e8d-e720153f56af",
            "ide_controller_scan_count": 2,
            "instance_uuid": "50381eca-7fa6-7521-9cad-c0136f1a023c",
            "latency_sensitivity": "normal",
            "memory": 4096,
            "memory_hot_add_enabled": false,
            "memory_limit": -1,
            "memory_reservation": 0,
            "memory_reservation_locked_to_max": false,
            "memory_share_count": 40960,
            "memory_share_level": "normal",
            "moid": "vm-113",
            "name": "template-redhat8",
            "nested_hv_enabled": false,
            "network_interface_types": [
              "vmxnet3"
            ],
            "network_interfaces": [
              {
                "adapter_type": "vmxnet3",
                "bandwidth_limit": -1,
                "bandwidth_reservation": 0,
                "bandwidth_share_count": 50,
                "bandwidth_share_level": "normal",
                "mac_address": "00:50:56:b8:c1:df",
                "network_id": "network-11",
                "physical_function": ""
              }
            ],
            "num_cores_per_socket": 1,
            "num_cpus": 2,
            "replace_trigger": null,
            "run_tools_scripts_after_power_on": true,
            "run_tools_scripts_after_resume": true,
            "run_tools_scripts_before_guest_reboot": false,
            "run_tools_scripts_before_guest_shutdown": true,
            "run_tools_scripts_before_guest_standby": true,
            "sata_controller_scan_count": 0,
            "scsi_bus_sharing": "noSharing",
            "scsi_controller_scan_count": 1,
            "scsi_type": "pvscsi",
            "storage_policy_id": null,
            "swap_placement_policy": "inherit",
            "sync_time_with_host": true,
            "sync_time_with_host_periodically": null,
            "tools_upgrade_policy": "manual",
            "uuid": "423850b0-2348-c739-2e8d-e720153f56af",
            "vapp": null,
            "vapp_transport": [],
            "vbs_enabled": false,
            "vtpm": null,
            "vvtd_enabled": false
          },
          "sensitive_attributes": []
        },
        {
          "index_key": "k8s-master03",
          "schema_version": 0,
          "attributes": {
            "alternate_guest_name": "",
            "annotation": "",
            "boot_delay": 5000,
            "boot_retry_delay": 10000,
            "boot_retry_enabled": false,
            "change_version": "2024-11-12T03:31:34.313576Z",
            "cpu_hot_add_enabled": false,
            "cpu_hot_remove_enabled": false,
            "cpu_limit": -1,
            "cpu_performance_counters_enabled": false,
            "cpu_reservation": 0,
            "cpu_share_count": 2000,
            "cpu_share_level": "normal",
            "datacenter_id": "datacenter-2",
            "default_ip_address": "10.6.6.90",
            "disks": [
              {
                "eagerly_scrub": false,
                "label": "Hard disk 1",
                "size": 50,
                "thin_provisioned": true,
                "unit_number": 0
              }
            ],
            "efi_secure_boot_enabled": false,
            "enable_disk_uuid": false,
            "enable_logging": false,
            "ept_rvi_mode": "automatic",
            "extra_config": {},
            "extra_config_reboot_required": true,
            "firmware": "bios",
            "folder": null,
            "guest_id": "rhel8_64Guest",
            "guest_ip_addresses": [
              "10.6.6.90",
              "fe80::250:56ff:feb8:c1df"
            ],
            "hardware_version": 14,
            "hv_mode": "hvAuto",
            "id": "423850b0-2348-c739-2e8d-e720153f56af",
            "ide_controller_scan_count": 2,
            "instance_uuid": "50381eca-7fa6-7521-9cad-c0136f1a023c",
            "latency_sensitivity": "normal",
            "memory": 4096,
            "memory_hot_add_enabled": false,
            "memory_limit": -1,
            "memory_reservation": 0,
            "memory_reservation_locked_to_max": false,
            "memory_share_count": 40960,
            "memory_share_level": "normal",
            "moid": "vm-113",
            "name": "template-redhat8",
            "nested_hv_enabled": false,
            "network_interface_types": [
              "vmxnet3"
            ],
            "network_interfaces": [
              {
                "adapter_type": "vmxnet3",
                "bandwidth_limit": -1,
                "bandwidth_reservation": 0,
                "bandwidth_share_count": 50,
                "bandwidth_share_level": "normal",
                "mac_address": "00:50:56:b8:c1:df",
                "network_id": "network-11",
                "physical_function": ""
              }
            ],
            "num_cores_per_socket": 1,
            "num_cpus": 2,
            "replace_trigger": null,
            "run_tools_scripts_after_power_on": true,
            "run_tools_scripts_after_resume": true,
            "run_tools_scripts_before_guest_reboot": false,
            "run_tools_scripts_before_guest_shutdown": true,
            "run_tools_scripts_before_guest_standby": true,
            "sata_controller_scan_count": 0,
            "scsi_bus_sharing": "noSharing",
            "scsi_controller_scan_count": 1,
            "scsi_type": "pvscsi",
            "storage_policy_id": null,
            "swap_placement_policy": "inherit",
            "sync_time_with_host": true,
            "sync_time_with_host_periodically": null,
            "tools_upgrade_policy": "manual",
            "uuid": "423850b0-2348-c739-2e8d-e720153f56af",
            "vapp": null,
            "vapp_transport": [],
            "vbs_enabled": false,
            "vtpm": null,
            "vvtd_enabled": false
          },
          "sensitive_attributes": []
        },
        {
          "index_key": "k8s-monitor",
          "schema_version": 0,
          "attributes": {
            "alternate_guest_name": "",
            "annotation": "",
            "boot_delay": 5000,
            "boot_retry_delay": 10000,
            "boot_retry_enabled": false,
            "change_version": "2024-11-12T03:31:34.313576Z",
            "cpu_hot_add_enabled": false,
            "cpu_hot_remove_enabled": false,
            "cpu_limit": -1,
            "cpu_performance_counters_enabled": false,
            "cpu_reservation": 0,
            "cpu_share_count": 2000,
            "cpu_share_level": "normal",
            "datacenter_id": "datacenter-2",
            "default_ip_address": "10.6.6.90",
            "disks": [
              {
                "eagerly_scrub": false,
                "label": "Hard disk 1",
                "size": 50,
                "thin_provisioned": true,
                "unit_number": 0
              }
            ],
            "efi_secure_boot_enabled": false,
            "enable_disk_uuid": false,
            "enable_logging": false,
            "ept_rvi_mode": "automatic",
            "extra_config": {},
            "extra_config_reboot_required": true,
            "firmware": "bios",
            "folder": null,
            "guest_id": "rhel8_64Guest",
            "guest_ip_addresses": [
              "10.6.6.90",
              "fe80::250:56ff:feb8:c1df"
            ],
            "hardware_version": 14,
            "hv_mode": "hvAuto",
            "id": "423850b0-2348-c739-2e8d-e720153f56af",
            "ide_controller_scan_count": 2,
            "instance_uuid": "50381eca-7fa6-7521-9cad-c0136f1a023c",
            "latency_sensitivity": "normal",
            "memory": 4096,
            "memory_hot_add_enabled": false,
            "memory_limit": -1,
            "memory_reservation": 0,
            "memory_reservation_locked_to_max": false,
            "memory_share_count": 40960,
            "memory_share_level": "normal",
            "moid": "vm-113",
            "name": "template-redhat8",
            "nested_hv_enabled": false,
            "network_interface_types": [
              "vmxnet3"
            ],
            "network_interfaces": [
              {
                "adapter_type": "vmxnet3",
                "bandwidth_limit": -1,
                "bandwidth_reservation": 0,
                "bandwidth_share_count": 50,
                "bandwidth_share_level": "normal",
                "mac_address": "00:50:56:b8:c1:df",
                "network_id": "network-11",
                "physical_function": ""
              }
            ],
            "num_cores_per_socket": 1,
            "num_cpus": 2,
            "replace_trigger": null,
            "run_tools_scripts_after_power_on": true,
            "run_tools_scripts_after_resume": true,
            "run_tools_scripts_before_guest_reboot": false,
            "run_tools_scripts_before_guest_shutdown": true,
            "run_tools_scripts_before_guest_standby": true,
            "sata_controller_scan_count": 0,
            "scsi_bus_sharing": "noSharing",
            "scsi_controller_scan_count": 1,
            "scsi_type": "pvscsi",
            "storage_policy_id": null,
            "swap_placement_policy": "inherit",
            "sync_time_with_host": true,
            "sync_time_with_host_periodically": null,
            "tools_upgrade_policy": "manual",
            "uuid": "423850b0-2348-c739-2e8d-e720153f56af",
            "vapp": null,
            "vapp_transport": [],
            "vbs_enabled": false,
            "vtpm": null,
            "vvtd_enabled": false
          },
          "sensitive_attributes": []
        },
        {
          "index_key": "k8s-worker01",
          "schema_version": 0,
          "attributes": {
            "alternate_guest_name": "",
            "annotation": "",
            "boot_delay": 5000,
            "boot_retry_delay": 10000,
            "boot_retry_enabled": false,
            "change_version": "2024-11-12T03:31:34.313576Z",
            "cpu_hot_add_enabled": false,
            "cpu_hot_remove_enabled": false,
            "cpu_limit": -1,
            "cpu_performance_counters_enabled": false,
            "cpu_reservation": 0,
            "cpu_share_count": 2000,
            "cpu_share_level": "normal",
            "datacenter_id": "datacenter-2",
            "default_ip_address": "10.6.6.90",
            "disks": [
              {
                "eagerly_scrub": false,
                "label": "Hard disk 1",
                "size": 50,
                "thin_provisioned": true,
                "unit_number": 0
              }
            ],
            "efi_secure_boot_enabled": false,
            "enable_disk_uuid": false,
            "enable_logging": false,
            "ept_rvi_mode": "automatic",
            "extra_config": {},
            "extra_config_reboot_required": true,
            "firmware": "bios",
            "folder": null,
            "guest_id": "rhel8_64Guest",
            "guest_ip_addresses": [
              "10.6.6.90",
              "fe80::250:56ff:feb8:c1df"
            ],
            "hardware_version": 14,
            "hv_mode": "hvAuto",
            "id": "423850b0-2348-c739-2e8d-e720153f56af",
            "ide_controller_scan_count": 2,
            "instance_uuid": "50381eca-7fa6-7521-9cad-c0136f1a023c",
            "latency_sensitivity": "normal",
            "memory": 4096,
            "memory_hot_add_enabled": false,
            "memory_limit": -1,
            "memory_reservation": 0,
            "memory_reservation_locked_to_max": false,
            "memory_share_count": 40960,
            "memory_share_level": "normal",
            "moid": "vm-113",
            "name": "template-redhat8",
            "nested_hv_enabled": false,
            "network_interface_types": [
              "vmxnet3"
            ],
            "network_interfaces": [
              {
                "adapter_type": "vmxnet3",
                "bandwidth_limit": -1,
                "bandwidth_reservation": 0,
                "bandwidth_share_count": 50,
                "bandwidth_share_level": "normal",
                "mac_address": "00:50:56:b8:c1:df",
                "network_id": "network-11",
                "physical_function": ""
              }
            ],
            "num_cores_per_socket": 1,
            "num_cpus": 2,
            "replace_trigger": null,
            "run_tools_scripts_after_power_on": true,
            "run_tools_scripts_after_resume": true,
            "run_tools_scripts_before_guest_reboot": false,
            "run_tools_scripts_before_guest_shutdown": true,
            "run_tools_scripts_before_guest_standby": true,
            "sata_controller_scan_count": 0,
            "scsi_bus_sharing": "noSharing",
            "scsi_controller_scan_count": 1,
            "scsi_type": "pvscsi",
            "storage_policy_id": null,
            "swap_placement_policy": "inherit",
            "sync_time_with_host": true,
            "sync_time_with_host_periodically": null,
            "tools_upgrade_policy": "manual",
            "uuid": "423850b0-2348-c739-2e8d-e720153f56af",
            "vapp": null,
            "vapp_transport": [],
            "vbs_enabled": false,
            "vtpm": null,
            "vvtd_enabled": false
          },
          "sensitive_attributes": []
        },
        {
          "index_key": "k8s-worker02",
          "schema_version": 0,
          "attributes": {
            "alternate_guest_name": "",
            "annotation": "",
            "boot_delay": 5000,
            "boot_retry_delay": 10000,
            "boot_retry_enabled": false,
            "change_version": "2024-11-12T03:31:34.313576Z",
            "cpu_hot_add_enabled": false,
            "cpu_hot_remove_enabled": false,
            "cpu_limit": -1,
            "cpu_performance_counters_enabled": false,
            "cpu_reservation": 0,
            "cpu_share_count": 2000,
            "cpu_share_level": "normal",
            "datacenter_id": "datacenter-2",
            "default_ip_address": "10.6.6.90",
            "disks": [
              {
                "eagerly_scrub": false,
                "label": "Hard disk 1",
                "size": 50,
                "thin_provisioned": true,
                "unit_number": 0
              }
            ],
            "efi_secure_boot_enabled": false,
            "enable_disk_uuid": false,
            "enable_logging": false,
            "ept_rvi_mode": "automatic",
            "extra_config": {},
            "extra_config_reboot_required": true,
            "firmware": "bios",
            "folder": null,
            "guest_id": "rhel8_64Guest",
            "guest_ip_addresses": [
              "10.6.6.90",
              "fe80::250:56ff:feb8:c1df"
            ],
            "hardware_version": 14,
            "hv_mode": "hvAuto",
            "id": "423850b0-2348-c739-2e8d-e720153f56af",
            "ide_controller_scan_count": 2,
            "instance_uuid": "50381eca-7fa6-7521-9cad-c0136f1a023c",
            "latency_sensitivity": "normal",
            "memory": 4096,
            "memory_hot_add_enabled": false,
            "memory_limit": -1,
            "memory_reservation": 0,
            "memory_reservation_locked_to_max": false,
            "memory_share_count": 40960,
            "memory_share_level": "normal",
            "moid": "vm-113",
            "name": "template-redhat8",
            "nested_hv_enabled": false,
            "network_interface_types": [
              "vmxnet3"
            ],
            "network_interfaces": [
              {
                "adapter_type": "vmxnet3",
                "bandwidth_limit": -1,
                "bandwidth_reservation": 0,
                "bandwidth_share_count": 50,
                "bandwidth_share_level": "normal",
                "mac_address": "00:50:56:b8:c1:df",
                "network_id": "network-11",
                "physical_function": ""
              }
            ],
            "num_cores_per_socket": 1,
            "num_cpus": 2,
            "replace_trigger": null,
            "run_tools_scripts_after_power_on": true,
            "run_tools_scripts_after_resume": true,
            "run_tools_scripts_before_guest_reboot": false,
            "run_tools_scripts_before_guest_shutdown": true,
            "run_tools_scripts_before_guest_standby": true,
            "sata_controller_scan_count": 0,
            "scsi_bus_sharing": "noSharing",
            "scsi_controller_scan_count": 1,
            "scsi_type": "pvscsi",
            "storage_policy_id": null,
            "swap_placement_policy": "inherit",
            "sync_time_with_host": true,
            "sync_time_with_host_periodically": null,
            "tools_upgrade_policy": "manual",
            "uuid": "423850b0-2348-c739-2e8d-e720153f56af",
            "vapp": null,
            "vapp_transport": [],
            "vbs_enabled": false,
            "vtpm": null,
            "vvtd_enabled": false
          },
          "sensitive_attributes": []
        },
        {
          "index_key": "k8s-worker03",
          "schema_version": 0,
          "attributes": {
            "alternate_guest_name": "",
            "annotation": "",
            "boot_delay": 5000,
            "boot_retry_delay": 10000,
            "boot_retry_enabled": false,
            "change_version": "2024-11-12T03:31:34.313576Z",
            "cpu_hot_add_enabled": false,
            "cpu_hot_remove_enabled": false,
            "cpu_limit": -1,
            "cpu_performance_counters_enabled": false,
            "cpu_reservation": 0,
            "cpu_share_count": 2000,
            "cpu_share_level": "normal",
            "datacenter_id": "datacenter-2",
            "default_ip_address": "10.6.6.90",
            "disks": [
              {
                "eagerly_scrub": false,
                "label": "Hard disk 1",
                "size": 50,
                "thin_provisioned": true,
                "unit_number": 0
              }
            ],
            "efi_secure_boot_enabled": false,
            "enable_disk_uuid": false,
            "enable_logging": false,
            "ept_rvi_mode": "automatic",
            "extra_config": {},
            "extra_config_reboot_required": true,
            "firmware": "bios",
            "folder": null,
            "guest_id": "rhel8_64Guest",
            "guest_ip_addresses": [
              "10.6.6.90",
              "fe80::250:56ff:feb8:c1df"
            ],
            "hardware_version": 14,
            "hv_mode": "hvAuto",
            "id": "423850b0-2348-c739-2e8d-e720153f56af",
            "ide_controller_scan_count": 2,
            "instance_uuid": "50381eca-7fa6-7521-9cad-c0136f1a023c",
            "latency_sensitivity": "normal",
            "memory": 4096,
            "memory_hot_add_enabled": false,
            "memory_limit": -1,
            "memory_reservation": 0,
            "memory_reservation_locked_to_max": false,
            "memory_share_count": 40960,
            "memory_share_level": "normal",
            "moid": "vm-113",
            "name": "template-redhat8",
            "nested_hv_enabled": false,
            "network_interface_types": [
              "vmxnet3"
            ],
            "network_interfaces": [
              {
                "adapter_type": "vmxnet3",
                "bandwidth_limit": -1,
                "bandwidth_reservation": 0,
                "bandwidth_share_count": 50,
                "bandwidth_share_level": "normal",
                "mac_address": "00:50:56:b8:c1:df",
                "network_id": "network-11",
                "physical_function": ""
              }
            ],
            "num_cores_per_socket": 1,
            "num_cpus": 2,
            "replace_trigger": null,
            "run_tools_scripts_after_power_on": true,
            "run_tools_scripts_after_resume": true,
            "run_tools_scripts_before_guest_reboot": false,
            "run_tools_scripts_before_guest_shutdown": true,
            "run_tools_scripts_before_guest_standby": true,
            "sata_controller_scan_count": 0,
            "scsi_bus_sharing": "noSharing",
            "scsi_controller_scan_count": 1,
            "scsi_type": "pvscsi",
            "storage_policy_id": null,
            "swap_placement_policy": "inherit",
            "sync_time_with_host": true,
            "sync_time_with_host_periodically": null,
            "tools_upgrade_policy": "manual",
            "uuid": "423850b0-2348-c739-2e8d-e720153f56af",
            "vapp": null,
            "vapp_transport": [],
            "vbs_enabled": false,
            "vtpm": null,
            "vvtd_enabled": false
          },
          "sensitive_attributes": []
        }
      ]
    },
    {
      "module": "module.vcenter_vms[\"k8s-master01\"]",
      "mode": "managed",
      "type": "vsphere_virtual_machine",
      "name": "vm",
      "provider": "provider[\"registry.terraform.io/hashicorp/vsphere\"]",
      "instances": [
        {
          "schema_version": 3,
          "attributes": {
            "alternate_guest_name": "",
            "annotation": "",
            "boot_delay": 5000,
            "boot_retry_delay": 10000,
            "boot_retry_enabled": false,
            "cdrom": [
              {
                "client_device": true,
                "datastore_id": "",
                "device_address": "ide:0:0",
                "key": 3000,
                "path": ""
              }
            ],
            "change_version": "2025-01-06T09:48:44.831056Z",
            "clone": [
              {
                "customization_spec": [],
                "customize": [
                  {
                    "dns_server_list": [
                      "10.6.6.129"
                    ],
                    "dns_suffix_list": [],
                    "ipv4_gateway": "10.6.6.2",
                    "ipv6_gateway": "",
                    "linux_options": [
                      {
                        "domain": "localdomain",
                        "host_name": "k8s-master01",
                        "hw_clock_utc": true,
                        "script_text": "",
                        "time_zone": ""
                      }
                    ],
                    "network_interface": [
                      {
                        "dns_domain": "",
                        "dns_server_list": [],
                        "ipv4_address": "10.6.6.11",
                        "ipv4_netmask": 24,
                        "ipv6_address": "",
                        "ipv6_netmask": 0
                      }
                    ],
                    "timeout": 10,
                    "windows_options": [],
                    "windows_sysprep_text": ""
                  }
                ],
                "linked_clone": false,
                "ovf_network_map": {},
                "ovf_storage_map": {},
                "template_uuid": "423850b0-2348-c739-2e8d-e720153f56af",
                "timeout": 30
              }
            ],
            "cpu_hot_add_enabled": false,
            "cpu_hot_remove_enabled": false,
            "cpu_limit": -1,
            "cpu_performance_counters_enabled": false,
            "cpu_reservation": 0,
            "cpu_share_count": 4000,
            "cpu_share_level": "normal",
            "custom_attributes": {},
            "datacenter_id": null,
            "datastore_cluster_id": null,
            "datastore_id": "datastore-21",
            "default_ip_address": "10.6.6.11",
            "disk": [
              {
                "attach": false,
                "controller_type": "scsi",
                "datastore_id": "datastore-21",
                "device_address": "scsi:0:0",
                "disk_mode": "persistent",
                "disk_sharing": "sharingNone",
                "eagerly_scrub": false,
                "io_limit": -1,
                "io_reservation": 0,
                "io_share_count": 1000,
                "io_share_level": "normal",
                "keep_on_remove": false,
                "key": 2000,
                "label": "disk0",
                "path": "k8s-master01/k8s-master01-000001.vmdk",
                "size": 50,
                "storage_policy_id": "",
                "thin_provisioned": true,
                "unit_number": 0,
                "uuid": "6000C296-60fd-0d1d-ad16-c988eccd5158",
                "write_through": false
              }
            ],
            "efi_secure_boot_enabled": false,
            "enable_disk_uuid": false,
            "enable_logging": false,
            "ept_rvi_mode": "automatic",
            "extra_config": {},
            "extra_config_reboot_required": true,
            "firmware": "bios",
            "folder": "",
            "force_power_off": true,
            "guest_id": "rhel8_64Guest",
            "guest_ip_addresses": [],
            "hardware_version": 14,
            "host_system_id": "host-9",
            "hv_mode": "hvAuto",
            "id": "42384f7a-00ce-f1e8-6878-fd93cf3ccc56",
            "ide_controller_count": 2,
            "ignored_guest_ips": null,
            "imported": null,
            "latency_sensitivity": "normal",
            "memory": 8192,
            "memory_hot_add_enabled": false,
            "memory_limit": -1,
            "memory_reservation": 0,
            "memory_reservation_locked_to_max": false,
            "memory_share_count": 81920,
            "memory_share_level": "normal",
            "migrate_wait_timeout": 30,
            "moid": "vm-606",
            "name": "k8s-master01",
            "nested_hv_enabled": false,
            "network_interface": [
              {
                "adapter_type": "vmxnet3",
                "bandwidth_limit": -1,
                "bandwidth_reservation": 0,
                "bandwidth_share_count": 50,
                "bandwidth_share_level": "normal",
                "device_address": "pci:0:7",
                "key": 4000,
                "mac_address": "00:50:56:b8:e9:31",
                "network_id": "network-11",
                "ovf_mapping": "",
                "physical_function": "",
                "use_static_mac": false
              }
            ],
            "num_cores_per_socket": 1,
            "num_cpus": 4,
            "ovf_deploy": [],
            "pci_device_id": [],
            "power_state": "on",
            "poweron_timeout": 300,
            "reboot_required": false,
            "replace_trigger": null,
            "resource_pool_id": "resgroup-15",
            "run_tools_scripts_after_power_on": true,
            "run_tools_scripts_after_resume": true,
            "run_tools_scripts_before_guest_reboot": false,
            "run_tools_scripts_before_guest_shutdown": true,
            "run_tools_scripts_before_guest_standby": true,
            "sata_controller_count": 0,
            "scsi_bus_sharing": "noSharing",
            "scsi_controller_count": 1,
            "scsi_type": "pvscsi",
            "shutdown_wait_timeout": 3,
            "storage_policy_id": "",
            "swap_placement_policy": "inherit",
            "sync_time_with_host": true,
            "sync_time_with_host_periodically": null,
            "tags": [],
            "tools_upgrade_policy": "manual",
            "uuid": "42384f7a-00ce-f1e8-6878-fd93cf3ccc56",
            "vapp": [],
            "vapp_transport": [],
            "vbs_enabled": false,
            "vmware_tools_status": "guestToolsNotRunning",
            "vmx_path": "k8s-master01/k8s-master01.vmx",
            "vtpm": [],
            "vvtd_enabled": false,
            "wait_for_guest_ip_timeout": 0,
            "wait_for_guest_net_routable": true,
            "wait_for_guest_net_timeout": 0
          },
          "sensitive_attributes": [
            [
              {
                "type": "get_attr",
                "value": "clone"
              },
              {
                "type": "index",
                "value": {
                  "value": 0,
                  "type": "number"
                }
              },
              {
                "type": "get_attr",
                "value": "customize"
              },
              {
                "type": "index",
                "value": {
                  "value": 0,
                  "type": "number"
                }
              },
              {
                "type": "get_attr",
                "value": "linux_options"
              },
              {
                "type": "index",
                "value": {
                  "value": 0,
                  "type": "number"
                }
              },
              {
                "type": "get_attr",
                "value": "script_text"
              }
            ],
            [
              {
                "type": "get_attr",
                "value": "clone"
              },
              {
                "type": "index",
                "value": {
                  "value": 0,
                  "type": "number"
                }
              },
              {
                "type": "get_attr",
                "value": "customize"
              },
              {
                "type": "index",
                "value": {
                  "value": 0,
                  "type": "number"
                }
              },
              {
                "type": "get_attr",
                "value": "windows_sysprep_text"
              }
            ]
          ],
          "private": "eyJzY2hlbWFfdmVyc2lvbiI6IjMifQ==",
          "dependencies": [
            "data.vsphere_compute_cluster.cluster",
            "data.vsphere_datacenter.dc",
            "data.vsphere_datastore.ds2",
            "data.vsphere_network.network",
            "data.vsphere_virtual_machine.template"
          ]
        }
      ]
    },
    {
      "module": "module.vcenter_vms[\"k8s-master02\"]",
      "mode": "managed",
      "type": "vsphere_virtual_machine",
      "name": "vm",
      "provider": "provider[\"registry.terraform.io/hashicorp/vsphere\"]",
      "instances": [
        {
          "schema_version": 3,
          "attributes": {
            "alternate_guest_name": "",
            "annotation": "",
            "boot_delay": 5000,
            "boot_retry_delay": 10000,
            "boot_retry_enabled": false,
            "cdrom": [
              {
                "client_device": true,
                "datastore_id": "",
                "device_address": "ide:0:0",
                "key": 3000,
                "path": ""
              }
            ],
            "change_version": "2025-01-06T09:47:54.751752Z",
            "clone": [
              {
                "customization_spec": [],
                "customize": [
                  {
                    "dns_server_list": [
                      "10.6.6.129"
                    ],
                    "dns_suffix_list": [],
                    "ipv4_gateway": "10.6.6.2",
                    "ipv6_gateway": "",
                    "linux_options": [
                      {
                        "domain": "localdomain",
                        "host_name": "k8s-master02",
                        "hw_clock_utc": true,
                        "script_text": "",
                        "time_zone": ""
                      }
                    ],
                    "network_interface": [
                      {
                        "dns_domain": "",
                        "dns_server_list": [],
                        "ipv4_address": "10.6.6.12",
                        "ipv4_netmask": 24,
                        "ipv6_address": "",
                        "ipv6_netmask": 0
                      }
                    ],
                    "timeout": 10,
                    "windows_options": [],
                    "windows_sysprep_text": ""
                  }
                ],
                "linked_clone": false,
                "ovf_network_map": {},
                "ovf_storage_map": {},
                "template_uuid": "423850b0-2348-c739-2e8d-e720153f56af",
                "timeout": 30
              }
            ],
            "cpu_hot_add_enabled": false,
            "cpu_hot_remove_enabled": false,
            "cpu_limit": -1,
            "cpu_performance_counters_enabled": false,
            "cpu_reservation": 0,
            "cpu_share_count": 4000,
            "cpu_share_level": "normal",
            "custom_attributes": {},
            "datacenter_id": null,
            "datastore_cluster_id": null,
            "datastore_id": "datastore-21",
            "default_ip_address": "10.6.6.12",
            "disk": [
              {
                "attach": false,
                "controller_type": "scsi",
                "datastore_id": "datastore-21",
                "device_address": "scsi:0:0",
                "disk_mode": "persistent",
                "disk_sharing": "sharingNone",
                "eagerly_scrub": false,
                "io_limit": -1,
                "io_reservation": 0,
                "io_share_count": 1000,
                "io_share_level": "normal",
                "keep_on_remove": false,
                "key": 2000,
                "label": "disk0",
                "path": "k8s-master02/k8s-master02-000001.vmdk",
                "size": 50,
                "storage_policy_id": "",
                "thin_provisioned": true,
                "unit_number": 0,
                "uuid": "6000C29c-2135-d536-7152-e8004cb1d591",
                "write_through": false
              }
            ],
            "efi_secure_boot_enabled": false,
            "enable_disk_uuid": false,
            "enable_logging": false,
            "ept_rvi_mode": "automatic",
            "extra_config": {},
            "extra_config_reboot_required": true,
            "firmware": "bios",
            "folder": "",
            "force_power_off": true,
            "guest_id": "rhel8_64Guest",
            "guest_ip_addresses": [],
            "hardware_version": 14,
            "host_system_id": "host-9",
            "hv_mode": "hvAuto",
            "id": "42382355-3cca-b3fb-7236-5bec09e9f7b7",
            "ide_controller_count": 2,
            "ignored_guest_ips": null,
            "imported": null,
            "latency_sensitivity": "normal",
            "memory": 8192,
            "memory_hot_add_enabled": false,
            "memory_limit": -1,
            "memory_reservation": 0,
            "memory_reservation_locked_to_max": false,
            "memory_share_count": 81920,
            "memory_share_level": "normal",
            "migrate_wait_timeout": 30,
            "moid": "vm-615",
            "name": "k8s-master02",
            "nested_hv_enabled": false,
            "network_interface": [
              {
                "adapter_type": "vmxnet3",
                "bandwidth_limit": -1,
                "bandwidth_reservation": 0,
                "bandwidth_share_count": 50,
                "bandwidth_share_level": "normal",
                "device_address": "pci:0:7",
                "key": 4000,
                "mac_address": "00:50:56:b8:a9:42",
                "network_id": "network-11",
                "ovf_mapping": "",
                "physical_function": "",
                "use_static_mac": false
              }
            ],
            "num_cores_per_socket": 1,
            "num_cpus": 4,
            "ovf_deploy": [],
            "pci_device_id": [],
            "power_state": "on",
            "poweron_timeout": 300,
            "reboot_required": false,
            "replace_trigger": null,
            "resource_pool_id": "resgroup-15",
            "run_tools_scripts_after_power_on": true,
            "run_tools_scripts_after_resume": true,
            "run_tools_scripts_before_guest_reboot": false,
            "run_tools_scripts_before_guest_shutdown": true,
            "run_tools_scripts_before_guest_standby": true,
            "sata_controller_count": 0,
            "scsi_bus_sharing": "noSharing",
            "scsi_controller_count": 1,
            "scsi_type": "pvscsi",
            "shutdown_wait_timeout": 3,
            "storage_policy_id": "",
            "swap_placement_policy": "inherit",
            "sync_time_with_host": true,
            "sync_time_with_host_periodically": null,
            "tags": [],
            "tools_upgrade_policy": "manual",
            "uuid": "42382355-3cca-b3fb-7236-5bec09e9f7b7",
            "vapp": [],
            "vapp_transport": [],
            "vbs_enabled": false,
            "vmware_tools_status": "guestToolsNotRunning",
            "vmx_path": "k8s-master02/k8s-master02.vmx",
            "vtpm": [],
            "vvtd_enabled": false,
            "wait_for_guest_ip_timeout": 0,
            "wait_for_guest_net_routable": true,
            "wait_for_guest_net_timeout": 0
          },
          "sensitive_attributes": [
            [
              {
                "type": "get_attr",
                "value": "clone"
              },
              {
                "type": "index",
                "value": {
                  "value": 0,
                  "type": "number"
                }
              },
              {
                "type": "get_attr",
                "value": "customize"
              },
              {
                "type": "index",
                "value": {
                  "value": 0,
                  "type": "number"
                }
              },
              {
                "type": "get_attr",
                "value": "linux_options"
              },
              {
                "type": "index",
                "value": {
                  "value": 0,
                  "type": "number"
                }
              },
              {
                "type": "get_attr",
                "value": "script_text"
              }
            ],
            [
              {
                "type": "get_attr",
                "value": "clone"
              },
              {
                "type": "index",
                "value": {
                  "value": 0,
                  "type": "number"
                }
              },
              {
                "type": "get_attr",
                "value": "customize"
              },
              {
                "type": "index",
                "value": {
                  "value": 0,
                  "type": "number"
                }
              },
              {
                "type": "get_attr",
                "value": "windows_sysprep_text"
              }
            ]
          ],
          "private": "eyJzY2hlbWFfdmVyc2lvbiI6IjMifQ==",
          "dependencies": [
            "data.vsphere_compute_cluster.cluster",
            "data.vsphere_datacenter.dc",
            "data.vsphere_datastore.ds2",
            "data.vsphere_network.network",
            "data.vsphere_virtual_machine.template"
          ]
        }
      ]
    },
    {
      "module": "module.vcenter_vms[\"k8s-master03\"]",
      "mode": "managed",
      "type": "vsphere_virtual_machine",
      "name": "vm",
      "provider": "provider[\"registry.terraform.io/hashicorp/vsphere\"]",
      "instances": [
        {
          "schema_version": 3,
          "attributes": {
            "alternate_guest_name": "",
            "annotation": "",
            "boot_delay": 5000,
            "boot_retry_delay": 10000,
            "boot_retry_enabled": false,
            "cdrom": [
              {
                "client_device": true,
                "datastore_id": "",
                "device_address": "ide:0:0",
                "key": 3000,
                "path": ""
              }
            ],
            "change_version": "2025-01-06T09:48:17.731899Z",
            "clone": [
              {
                "customization_spec": [],
                "customize": [
                  {
                    "dns_server_list": [
                      "10.6.6.129"
                    ],
                    "dns_suffix_list": [],
                    "ipv4_gateway": "10.6.6.2",
                    "ipv6_gateway": "",
                    "linux_options": [
                      {
                        "domain": "localdomain",
                        "host_name": "k8s-master03",
                        "hw_clock_utc": true,
                        "script_text": "",
                        "time_zone": ""
                      }
                    ],
                    "network_interface": [
                      {
                        "dns_domain": "",
                        "dns_server_list": [],
                        "ipv4_address": "10.6.6.13",
                        "ipv4_netmask": 24,
                        "ipv6_address": "",
                        "ipv6_netmask": 0
                      }
                    ],
                    "timeout": 10,
                    "windows_options": [],
                    "windows_sysprep_text": ""
                  }
                ],
                "linked_clone": false,
                "ovf_network_map": {},
                "ovf_storage_map": {},
                "template_uuid": "423850b0-2348-c739-2e8d-e720153f56af",
                "timeout": 30
              }
            ],
            "cpu_hot_add_enabled": false,
            "cpu_hot_remove_enabled": false,
            "cpu_limit": -1,
            "cpu_performance_counters_enabled": false,
            "cpu_reservation": 0,
            "cpu_share_count": 4000,
            "cpu_share_level": "normal",
            "custom_attributes": {},
            "datacenter_id": null,
            "datastore_cluster_id": null,
            "datastore_id": "datastore-21",
            "default_ip_address": "10.6.6.13",
            "disk": [
              {
                "attach": false,
                "controller_type": "scsi",
                "datastore_id": "datastore-21",
                "device_address": "scsi:0:0",
                "disk_mode": "persistent",
                "disk_sharing": "sharingNone",
                "eagerly_scrub": false,
                "io_limit": -1,
                "io_reservation": 0,
                "io_share_count": 1000,
                "io_share_level": "normal",
                "keep_on_remove": false,
                "key": 2000,
                "label": "disk0",
                "path": "k8s-master03/k8s-master03-000001.vmdk",
                "size": 50,
                "storage_policy_id": "",
                "thin_provisioned": true,
                "unit_number": 0,
                "uuid": "6000C29f-1593-d061-fcf5-6a2b2647af84",
                "write_through": false
              }
            ],
            "efi_secure_boot_enabled": false,
            "enable_disk_uuid": false,
            "enable_logging": false,
            "ept_rvi_mode": "automatic",
            "extra_config": {},
            "extra_config_reboot_required": true,
            "firmware": "bios",
            "folder": "",
            "force_power_off": true,
            "guest_id": "rhel8_64Guest",
            "guest_ip_addresses": [],
            "hardware_version": 14,
            "host_system_id": "host-9",
            "hv_mode": "hvAuto",
            "id": "423890f8-a14d-8295-ac4d-bdf008b37adc",
            "ide_controller_count": 2,
            "ignored_guest_ips": null,
            "imported": null,
            "latency_sensitivity": "normal",
            "memory": 8192,
            "memory_hot_add_enabled": false,
            "memory_limit": -1,
            "memory_reservation": 0,
            "memory_reservation_locked_to_max": false,
            "memory_share_count": 81920,
            "memory_share_level": "normal",
            "migrate_wait_timeout": 30,
            "moid": "vm-613",
            "name": "k8s-master03",
            "nested_hv_enabled": false,
            "network_interface": [
              {
                "adapter_type": "vmxnet3",
                "bandwidth_limit": -1,
                "bandwidth_reservation": 0,
                "bandwidth_share_count": 50,
                "bandwidth_share_level": "normal",
                "device_address": "pci:0:7",
                "key": 4000,
                "mac_address": "00:50:56:b8:2e:e6",
                "network_id": "network-11",
                "ovf_mapping": "",
                "physical_function": "",
                "use_static_mac": false
              }
            ],
            "num_cores_per_socket": 1,
            "num_cpus": 4,
            "ovf_deploy": [],
            "pci_device_id": [],
            "power_state": "on",
            "poweron_timeout": 300,
            "reboot_required": false,
            "replace_trigger": null,
            "resource_pool_id": "resgroup-15",
            "run_tools_scripts_after_power_on": true,
            "run_tools_scripts_after_resume": true,
            "run_tools_scripts_before_guest_reboot": false,
            "run_tools_scripts_before_guest_shutdown": true,
            "run_tools_scripts_before_guest_standby": true,
            "sata_controller_count": 0,
            "scsi_bus_sharing": "noSharing",
            "scsi_controller_count": 1,
            "scsi_type": "pvscsi",
            "shutdown_wait_timeout": 3,
            "storage_policy_id": "",
            "swap_placement_policy": "inherit",
            "sync_time_with_host": true,
            "sync_time_with_host_periodically": null,
            "tags": [],
            "tools_upgrade_policy": "manual",
            "uuid": "423890f8-a14d-8295-ac4d-bdf008b37adc",
            "vapp": [],
            "vapp_transport": [],
            "vbs_enabled": false,
            "vmware_tools_status": "guestToolsNotRunning",
            "vmx_path": "k8s-master03/k8s-master03.vmx",
            "vtpm": [],
            "vvtd_enabled": false,
            "wait_for_guest_ip_timeout": 0,
            "wait_for_guest_net_routable": true,
            "wait_for_guest_net_timeout": 0
          },
          "sensitive_attributes": [
            [
              {
                "type": "get_attr",
                "value": "clone"
              },
              {
                "type": "index",
                "value": {
                  "value": 0,
                  "type": "number"
                }
              },
              {
                "type": "get_attr",
                "value": "customize"
              },
              {
                "type": "index",
                "value": {
                  "value": 0,
                  "type": "number"
                }
              },
              {
                "type": "get_attr",
                "value": "windows_sysprep_text"
              }
            ],
            [
              {
                "type": "get_attr",
                "value": "clone"
              },
              {
                "type": "index",
                "value": {
                  "value": 0,
                  "type": "number"
                }
              },
              {
                "type": "get_attr",
                "value": "customize"
              },
              {
                "type": "index",
                "value": {
                  "value": 0,
                  "type": "number"
                }
              },
              {
                "type": "get_attr",
                "value": "linux_options"
              },
              {
                "type": "index",
                "value": {
                  "value": 0,
                  "type": "number"
                }
              },
              {
                "type": "get_attr",
                "value": "script_text"
              }
            ]
          ],
          "private": "eyJzY2hlbWFfdmVyc2lvbiI6IjMifQ==",
          "dependencies": [
            "data.vsphere_compute_cluster.cluster",
            "data.vsphere_datacenter.dc",
            "data.vsphere_datastore.ds2",
            "data.vsphere_network.network",
            "data.vsphere_virtual_machine.template"
          ]
        }
      ]
    },
    {
      "module": "module.vcenter_vms[\"k8s-monitor\"]",
      "mode": "managed",
      "type": "vsphere_virtual_machine",
      "name": "vm",
      "provider": "provider[\"registry.terraform.io/hashicorp/vsphere\"]",
      "instances": [
        {
          "schema_version": 3,
          "attributes": {
            "alternate_guest_name": "",
            "annotation": "",
            "boot_delay": 5000,
            "boot_retry_delay": 10000,
            "boot_retry_enabled": false,
            "cdrom": [
              {
                "client_device": true,
                "datastore_id": "",
                "device_address": "ide:0:0",
                "key": 3000,
                "path": ""
              }
            ],
            "change_version": "2025-01-06T09:46:45.230286Z",
            "clone": [
              {
                "customization_spec": [],
                "customize": [
                  {
                    "dns_server_list": [
                      "10.6.6.129"
                    ],
                    "dns_suffix_list": [],
                    "ipv4_gateway": "10.6.6.2",
                    "ipv6_gateway": "",
                    "linux_options": [
                      {
                        "domain": "localdomain",
                        "host_name": "k8s-monitor",
                        "hw_clock_utc": true,
                        "script_text": "",
                        "time_zone": ""
                      }
                    ],
                    "network_interface": [
                      {
                        "dns_domain": "",
                        "dns_server_list": [],
                        "ipv4_address": "10.6.6.17",
                        "ipv4_netmask": 24,
                        "ipv6_address": "",
                        "ipv6_netmask": 0
                      }
                    ],
                    "timeout": 10,
                    "windows_options": [],
                    "windows_sysprep_text": ""
                  }
                ],
                "linked_clone": false,
                "ovf_network_map": {},
                "ovf_storage_map": {},
                "template_uuid": "423850b0-2348-c739-2e8d-e720153f56af",
                "timeout": 30
              }
            ],
            "cpu_hot_add_enabled": false,
            "cpu_hot_remove_enabled": false,
            "cpu_limit": -1,
            "cpu_performance_counters_enabled": false,
            "cpu_reservation": 0,
            "cpu_share_count": 4000,
            "cpu_share_level": "normal",
            "custom_attributes": {},
            "datacenter_id": null,
            "datastore_cluster_id": null,
            "datastore_id": "datastore-21",
            "default_ip_address": "10.6.6.17",
            "disk": [
              {
                "attach": false,
                "controller_type": "scsi",
                "datastore_id": "datastore-21",
                "device_address": "scsi:0:0",
                "disk_mode": "persistent",
                "disk_sharing": "sharingNone",
                "eagerly_scrub": false,
                "io_limit": -1,
                "io_reservation": 0,
                "io_share_count": 1000,
                "io_share_level": "normal",
                "keep_on_remove": false,
                "key": 2000,
                "label": "disk0",
                "path": "k8s-monitor/k8s-monitor-000001.vmdk",
                "size": 50,
                "storage_policy_id": "",
                "thin_provisioned": true,
                "unit_number": 0,
                "uuid": "6000C29f-912c-b2b3-29a4-455f6aeb565d",
                "write_through": false
              }
            ],
            "efi_secure_boot_enabled": false,
            "enable_disk_uuid": false,
            "enable_logging": false,
            "ept_rvi_mode": "automatic",
            "extra_config": {},
            "extra_config_reboot_required": true,
            "firmware": "bios",
            "folder": "",
            "force_power_off": true,
            "guest_id": "rhel8_64Guest",
            "guest_ip_addresses": [
              "10.6.6.17",
              "fe80::250:56ff:feb8:f391"
            ],
            "hardware_version": 14,
            "host_system_id": "host-9",
            "hv_mode": "hvAuto",
            "id": "423875d2-d742-5d62-9848-4cf7e9a15059",
            "ide_controller_count": 2,
            "ignored_guest_ips": null,
            "imported": null,
            "latency_sensitivity": "normal",
            "memory": 8192,
            "memory_hot_add_enabled": false,
            "memory_limit": -1,
            "memory_reservation": 0,
            "memory_reservation_locked_to_max": false,
            "memory_share_count": 81920,
            "memory_share_level": "normal",
            "migrate_wait_timeout": 30,
            "moid": "vm-607",
            "name": "k8s-monitor",
            "nested_hv_enabled": false,
            "network_interface": [
              {
                "adapter_type": "vmxnet3",
                "bandwidth_limit": -1,
                "bandwidth_reservation": 0,
                "bandwidth_share_count": 50,
                "bandwidth_share_level": "normal",
                "device_address": "pci:0:7",
                "key": 4000,
                "mac_address": "00:50:56:b8:f3:91",
                "network_id": "network-11",
                "ovf_mapping": "",
                "physical_function": "",
                "use_static_mac": false
              }
            ],
            "num_cores_per_socket": 1,
            "num_cpus": 4,
            "ovf_deploy": [],
            "pci_device_id": [],
            "power_state": "on",
            "poweron_timeout": 300,
            "reboot_required": false,
            "replace_trigger": null,
            "resource_pool_id": "resgroup-15",
            "run_tools_scripts_after_power_on": true,
            "run_tools_scripts_after_resume": true,
            "run_tools_scripts_before_guest_reboot": false,
            "run_tools_scripts_before_guest_shutdown": true,
            "run_tools_scripts_before_guest_standby": true,
            "sata_controller_count": 0,
            "scsi_bus_sharing": "noSharing",
            "scsi_controller_count": 1,
            "scsi_type": "pvscsi",
            "shutdown_wait_timeout": 3,
            "storage_policy_id": "",
            "swap_placement_policy": "inherit",
            "sync_time_with_host": true,
            "sync_time_with_host_periodically": null,
            "tags": [],
            "tools_upgrade_policy": "manual",
            "uuid": "423875d2-d742-5d62-9848-4cf7e9a15059",
            "vapp": [],
            "vapp_transport": [],
            "vbs_enabled": false,
            "vmware_tools_status": "guestToolsRunning",
            "vmx_path": "k8s-monitor/k8s-monitor.vmx",
            "vtpm": [],
            "vvtd_enabled": false,
            "wait_for_guest_ip_timeout": 0,
            "wait_for_guest_net_routable": true,
            "wait_for_guest_net_timeout": 0
          },
          "sensitive_attributes": [
            [
              {
                "type": "get_attr",
                "value": "clone"
              },
              {
                "type": "index",
                "value": {
                  "value": 0,
                  "type": "number"
                }
              },
              {
                "type": "get_attr",
                "value": "customize"
              },
              {
                "type": "index",
                "value": {
                  "value": 0,
                  "type": "number"
                }
              },
              {
                "type": "get_attr",
                "value": "windows_sysprep_text"
              }
            ],
            [
              {
                "type": "get_attr",
                "value": "clone"
              },
              {
                "type": "index",
                "value": {
                  "value": 0,
                  "type": "number"
                }
              },
              {
                "type": "get_attr",
                "value": "customize"
              },
              {
                "type": "index",
                "value": {
                  "value": 0,
                  "type": "number"
                }
              },
              {
                "type": "get_attr",
                "value": "linux_options"
              },
              {
                "type": "index",
                "value": {
                  "value": 0,
                  "type": "number"
                }
              },
              {
                "type": "get_attr",
                "value": "script_text"
              }
            ]
          ],
          "private": "eyJzY2hlbWFfdmVyc2lvbiI6IjMifQ==",
          "dependencies": [
            "data.vsphere_compute_cluster.cluster",
            "data.vsphere_datacenter.dc",
            "data.vsphere_datastore.ds2",
            "data.vsphere_network.network",
            "data.vsphere_virtual_machine.template"
          ]
        }
      ]
    },
    {
      "module": "module.vcenter_vms[\"k8s-worker01\"]",
      "mode": "managed",
      "type": "vsphere_virtual_machine",
      "name": "vm",
      "provider": "provider[\"registry.terraform.io/hashicorp/vsphere\"]",
      "instances": [
        {
          "schema_version": 3,
          "attributes": {
            "alternate_guest_name": "",
            "annotation": "",
            "boot_delay": 5000,
            "boot_retry_delay": 10000,
            "boot_retry_enabled": false,
            "cdrom": [
              {
                "client_device": true,
                "datastore_id": "",
                "device_address": "ide:0:0",
                "key": 3000,
                "path": ""
              }
            ],
            "change_version": "2025-01-06T09:47:26.829427Z",
            "clone": [
              {
                "customization_spec": [],
                "customize": [
                  {
                    "dns_server_list": [
                      "10.6.6.129"
                    ],
                    "dns_suffix_list": [],
                    "ipv4_gateway": "10.6.6.2",
                    "ipv6_gateway": "",
                    "linux_options": [
                      {
                        "domain": "localdomain",
                        "host_name": "k8s-worker01",
                        "hw_clock_utc": true,
                        "script_text": "",
                        "time_zone": ""
                      }
                    ],
                    "network_interface": [
                      {
                        "dns_domain": "",
                        "dns_server_list": [],
                        "ipv4_address": "10.6.6.14",
                        "ipv4_netmask": 24,
                        "ipv6_address": "",
                        "ipv6_netmask": 0
                      }
                    ],
                    "timeout": 10,
                    "windows_options": [],
                    "windows_sysprep_text": ""
                  }
                ],
                "linked_clone": false,
                "ovf_network_map": {},
                "ovf_storage_map": {},
                "template_uuid": "423850b0-2348-c739-2e8d-e720153f56af",
                "timeout": 30
              }
            ],
            "cpu_hot_add_enabled": false,
            "cpu_hot_remove_enabled": false,
            "cpu_limit": -1,
            "cpu_performance_counters_enabled": false,
            "cpu_reservation": 0,
            "cpu_share_count": 8000,
            "cpu_share_level": "normal",
            "custom_attributes": {},
            "datacenter_id": null,
            "datastore_cluster_id": null,
            "datastore_id": "datastore-21",
            "default_ip_address": "10.6.6.14",
            "disk": [
              {
                "attach": false,
                "controller_type": "scsi",
                "datastore_id": "datastore-21",
                "device_address": "scsi:0:0",
                "disk_mode": "persistent",
                "disk_sharing": "sharingNone",
                "eagerly_scrub": false,
                "io_limit": -1,
                "io_reservation": 0,
                "io_share_count": 1000,
                "io_share_level": "normal",
                "keep_on_remove": false,
                "key": 2000,
                "label": "disk0",
                "path": "k8s-worker01/k8s-worker01-000001.vmdk",
                "size": 50,
                "storage_policy_id": "",
                "thin_provisioned": true,
                "unit_number": 0,
                "uuid": "6000C298-c814-9367-cfcf-382264bbb4a4",
                "write_through": false
              }
            ],
            "efi_secure_boot_enabled": false,
            "enable_disk_uuid": false,
            "enable_logging": false,
            "ept_rvi_mode": "automatic",
            "extra_config": {},
            "extra_config_reboot_required": true,
            "firmware": "bios",
            "folder": "",
            "force_power_off": true,
            "guest_id": "rhel8_64Guest",
            "guest_ip_addresses": [],
            "hardware_version": 14,
            "host_system_id": "host-9",
            "hv_mode": "hvAuto",
            "id": "42388488-c1f3-cf3f-b9a5-7f133c665d0e",
            "ide_controller_count": 2,
            "ignored_guest_ips": null,
            "imported": null,
            "latency_sensitivity": "normal",
            "memory": 16384,
            "memory_hot_add_enabled": false,
            "memory_limit": -1,
            "memory_reservation": 0,
            "memory_reservation_locked_to_max": false,
            "memory_share_count": 163840,
            "memory_share_level": "normal",
            "migrate_wait_timeout": 30,
            "moid": "vm-609",
            "name": "k8s-worker01",
            "nested_hv_enabled": false,
            "network_interface": [
              {
                "adapter_type": "vmxnet3",
                "bandwidth_limit": -1,
                "bandwidth_reservation": 0,
                "bandwidth_share_count": 50,
                "bandwidth_share_level": "normal",
                "device_address": "pci:0:7",
                "key": 4000,
                "mac_address": "00:50:56:b8:d8:db",
                "network_id": "network-11",
                "ovf_mapping": "",
                "physical_function": "",
                "use_static_mac": false
              }
            ],
            "num_cores_per_socket": 1,
            "num_cpus": 8,
            "ovf_deploy": [],
            "pci_device_id": [],
            "power_state": "on",
            "poweron_timeout": 300,
            "reboot_required": false,
            "replace_trigger": null,
            "resource_pool_id": "resgroup-15",
            "run_tools_scripts_after_power_on": true,
            "run_tools_scripts_after_resume": true,
            "run_tools_scripts_before_guest_reboot": false,
            "run_tools_scripts_before_guest_shutdown": true,
            "run_tools_scripts_before_guest_standby": true,
            "sata_controller_count": 0,
            "scsi_bus_sharing": "noSharing",
            "scsi_controller_count": 1,
            "scsi_type": "pvscsi",
            "shutdown_wait_timeout": 3,
            "storage_policy_id": "",
            "swap_placement_policy": "inherit",
            "sync_time_with_host": true,
            "sync_time_with_host_periodically": null,
            "tags": [],
            "tools_upgrade_policy": "manual",
            "uuid": "42388488-c1f3-cf3f-b9a5-7f133c665d0e",
            "vapp": [],
            "vapp_transport": [],
            "vbs_enabled": false,
            "vmware_tools_status": "guestToolsNotRunning",
            "vmx_path": "k8s-worker01/k8s-worker01.vmx",
            "vtpm": [],
            "vvtd_enabled": false,
            "wait_for_guest_ip_timeout": 0,
            "wait_for_guest_net_routable": true,
            "wait_for_guest_net_timeout": 0
          },
          "sensitive_attributes": [
            [
              {
                "type": "get_attr",
                "value": "clone"
              },
              {
                "type": "index",
                "value": {
                  "value": 0,
                  "type": "number"
                }
              },
              {
                "type": "get_attr",
                "value": "customize"
              },
              {
                "type": "index",
                "value": {
                  "value": 0,
                  "type": "number"
                }
              },
              {
                "type": "get_attr",
                "value": "windows_sysprep_text"
              }
            ],
            [
              {
                "type": "get_attr",
                "value": "clone"
              },
              {
                "type": "index",
                "value": {
                  "value": 0,
                  "type": "number"
                }
              },
              {
                "type": "get_attr",
                "value": "customize"
              },
              {
                "type": "index",
                "value": {
                  "value": 0,
                  "type": "number"
                }
              },
              {
                "type": "get_attr",
                "value": "linux_options"
              },
              {
                "type": "index",
                "value": {
                  "value": 0,
                  "type": "number"
                }
              },
              {
                "type": "get_attr",
                "value": "script_text"
              }
            ]
          ],
          "private": "eyJzY2hlbWFfdmVyc2lvbiI6IjMifQ==",
          "dependencies": [
            "data.vsphere_compute_cluster.cluster",
            "data.vsphere_datacenter.dc",
            "data.vsphere_datastore.ds2",
            "data.vsphere_network.network",
            "data.vsphere_virtual_machine.template"
          ]
        }
      ]
    },
    {
      "module": "module.vcenter_vms[\"k8s-worker02\"]",
      "mode": "managed",
      "type": "vsphere_virtual_machine",
      "name": "vm",
      "provider": "provider[\"registry.terraform.io/hashicorp/vsphere\"]",
      "instances": [
        {
          "schema_version": 3,
          "attributes": {
            "alternate_guest_name": "",
            "annotation": "",
            "boot_delay": 5000,
            "boot_retry_delay": 10000,
            "boot_retry_enabled": false,
            "cdrom": [
              {
                "client_device": true,
                "datastore_id": "",
                "device_address": "ide:0:0",
                "key": 3000,
                "path": ""
              }
            ],
            "change_version": "2025-01-06T09:48:44.832872Z",
            "clone": [
              {
                "customization_spec": [],
                "customize": [
                  {
                    "dns_server_list": [
                      "10.6.6.129"
                    ],
                    "dns_suffix_list": [],
                    "ipv4_gateway": "10.6.6.2",
                    "ipv6_gateway": "",
                    "linux_options": [
                      {
                        "domain": "localdomain",
                        "host_name": "k8s-worker02",
                        "hw_clock_utc": true,
                        "script_text": "",
                        "time_zone": ""
                      }
                    ],
                    "network_interface": [
                      {
                        "dns_domain": "",
                        "dns_server_list": [],
                        "ipv4_address": "10.6.6.15",
                        "ipv4_netmask": 24,
                        "ipv6_address": "",
                        "ipv6_netmask": 0
                      }
                    ],
                    "timeout": 10,
                    "windows_options": [],
                    "windows_sysprep_text": ""
                  }
                ],
                "linked_clone": false,
                "ovf_network_map": {},
                "ovf_storage_map": {},
                "template_uuid": "423850b0-2348-c739-2e8d-e720153f56af",
                "timeout": 30
              }
            ],
            "cpu_hot_add_enabled": false,
            "cpu_hot_remove_enabled": false,
            "cpu_limit": -1,
            "cpu_performance_counters_enabled": false,
            "cpu_reservation": 0,
            "cpu_share_count": 8000,
            "cpu_share_level": "normal",
            "custom_attributes": {},
            "datacenter_id": null,
            "datastore_cluster_id": null,
            "datastore_id": "datastore-21",
            "default_ip_address": "10.6.6.15",
            "disk": [
              {
                "attach": false,
                "controller_type": "scsi",
                "datastore_id": "datastore-21",
                "device_address": "scsi:0:0",
                "disk_mode": "persistent",
                "disk_sharing": "sharingNone",
                "eagerly_scrub": false,
                "io_limit": -1,
                "io_reservation": 0,
                "io_share_count": 1000,
                "io_share_level": "normal",
                "keep_on_remove": false,
                "key": 2000,
                "label": "disk0",
                "path": "k8s-worker02/k8s-worker02-000001.vmdk",
                "size": 50,
                "storage_policy_id": "",
                "thin_provisioned": true,
                "unit_number": 0,
                "uuid": "6000C293-1cf1-15b8-c498-2cc7063a3671",
                "write_through": false
              }
            ],
            "efi_secure_boot_enabled": false,
            "enable_disk_uuid": false,
            "enable_logging": false,
            "ept_rvi_mode": "automatic",
            "extra_config": {},
            "extra_config_reboot_required": true,
            "firmware": "bios",
            "folder": "",
            "force_power_off": true,
            "guest_id": "rhel8_64Guest",
            "guest_ip_addresses": [],
            "hardware_version": 14,
            "host_system_id": "host-9",
            "hv_mode": "hvAuto",
            "id": "42386999-7c0a-a104-bfdb-31c0656be1b4",
            "ide_controller_count": 2,
            "ignored_guest_ips": null,
            "imported": null,
            "latency_sensitivity": "normal",
            "memory": 16384,
            "memory_hot_add_enabled": false,
            "memory_limit": -1,
            "memory_reservation": 0,
            "memory_reservation_locked_to_max": false,
            "memory_share_count": 163840,
            "memory_share_level": "normal",
            "migrate_wait_timeout": 30,
            "moid": "vm-611",
            "name": "k8s-worker02",
            "nested_hv_enabled": false,
            "network_interface": [
              {
                "adapter_type": "vmxnet3",
                "bandwidth_limit": -1,
                "bandwidth_reservation": 0,
                "bandwidth_share_count": 50,
                "bandwidth_share_level": "normal",
                "device_address": "pci:0:7",
                "key": 4000,
                "mac_address": "00:50:56:b8:e8:43",
                "network_id": "network-11",
                "ovf_mapping": "",
                "physical_function": "",
                "use_static_mac": false
              }
            ],
            "num_cores_per_socket": 1,
            "num_cpus": 8,
            "ovf_deploy": [],
            "pci_device_id": [],
            "power_state": "on",
            "poweron_timeout": 300,
            "reboot_required": false,
            "replace_trigger": null,
            "resource_pool_id": "resgroup-15",
            "run_tools_scripts_after_power_on": true,
            "run_tools_scripts_after_resume": true,
            "run_tools_scripts_before_guest_reboot": false,
            "run_tools_scripts_before_guest_shutdown": true,
            "run_tools_scripts_before_guest_standby": true,
            "sata_controller_count": 0,
            "scsi_bus_sharing": "noSharing",
            "scsi_controller_count": 1,
            "scsi_type": "pvscsi",
            "shutdown_wait_timeout": 3,
            "storage_policy_id": "",
            "swap_placement_policy": "inherit",
            "sync_time_with_host": true,
            "sync_time_with_host_periodically": null,
            "tags": [],
            "tools_upgrade_policy": "manual",
            "uuid": "42386999-7c0a-a104-bfdb-31c0656be1b4",
            "vapp": [],
            "vapp_transport": [],
            "vbs_enabled": false,
            "vmware_tools_status": "guestToolsNotRunning",
            "vmx_path": "k8s-worker02/k8s-worker02.vmx",
            "vtpm": [],
            "vvtd_enabled": false,
            "wait_for_guest_ip_timeout": 0,
            "wait_for_guest_net_routable": true,
            "wait_for_guest_net_timeout": 0
          },
          "sensitive_attributes": [
            [
              {
                "type": "get_attr",
                "value": "clone"
              },
              {
                "type": "index",
                "value": {
                  "value": 0,
                  "type": "number"
                }
              },
              {
                "type": "get_attr",
                "value": "customize"
              },
              {
                "type": "index",
                "value": {
                  "value": 0,
                  "type": "number"
                }
              },
              {
                "type": "get_attr",
                "value": "linux_options"
              },
              {
                "type": "index",
                "value": {
                  "value": 0,
                  "type": "number"
                }
              },
              {
                "type": "get_attr",
                "value": "script_text"
              }
            ],
            [
              {
                "type": "get_attr",
                "value": "clone"
              },
              {
                "type": "index",
                "value": {
                  "value": 0,
                  "type": "number"
                }
              },
              {
                "type": "get_attr",
                "value": "customize"
              },
              {
                "type": "index",
                "value": {
                  "value": 0,
                  "type": "number"
                }
              },
              {
                "type": "get_attr",
                "value": "windows_sysprep_text"
              }
            ]
          ],
          "private": "eyJzY2hlbWFfdmVyc2lvbiI6IjMifQ==",
          "dependencies": [
            "data.vsphere_compute_cluster.cluster",
            "data.vsphere_datacenter.dc",
            "data.vsphere_datastore.ds2",
            "data.vsphere_network.network",
            "data.vsphere_virtual_machine.template"
          ]
        }
      ]
    },
    {
      "module": "module.vcenter_vms[\"k8s-worker03\"]",
      "mode": "managed",
      "type": "vsphere_virtual_machine",
      "name": "vm",
      "provider": "provider[\"registry.terraform.io/hashicorp/vsphere\"]",
      "instances": [
        {
          "schema_version": 3,
          "attributes": {
            "alternate_guest_name": "",
            "annotation": "",
            "boot_delay": 5000,
            "boot_retry_delay": 10000,
            "boot_retry_enabled": false,
            "cdrom": [
              {
                "client_device": true,
                "datastore_id": "",
                "device_address": "ide:0:0",
                "key": 3000,
                "path": ""
              }
            ],
            "change_version": "2025-01-06T09:48:17.729834Z",
            "clone": [
              {
                "customization_spec": [],
                "customize": [
                  {
                    "dns_server_list": [
                      "10.6.6.129"
                    ],
                    "dns_suffix_list": [],
                    "ipv4_gateway": "10.6.6.2",
                    "ipv6_gateway": "",
                    "linux_options": [
                      {
                        "domain": "localdomain",
                        "host_name": "k8s-worker03",
                        "hw_clock_utc": true,
                        "script_text": "",
                        "time_zone": ""
                      }
                    ],
                    "network_interface": [
                      {
                        "dns_domain": "",
                        "dns_server_list": [],
                        "ipv4_address": "10.6.6.16",
                        "ipv4_netmask": 24,
                        "ipv6_address": "",
                        "ipv6_netmask": 0
                      }
                    ],
                    "timeout": 10,
                    "windows_options": [],
                    "windows_sysprep_text": ""
                  }
                ],
                "linked_clone": false,
                "ovf_network_map": {},
                "ovf_storage_map": {},
                "template_uuid": "423850b0-2348-c739-2e8d-e720153f56af",
                "timeout": 30
              }
            ],
            "cpu_hot_add_enabled": false,
            "cpu_hot_remove_enabled": false,
            "cpu_limit": -1,
            "cpu_performance_counters_enabled": false,
            "cpu_reservation": 0,
            "cpu_share_count": 8000,
            "cpu_share_level": "normal",
            "custom_attributes": {},
            "datacenter_id": null,
            "datastore_cluster_id": null,
            "datastore_id": "datastore-21",
            "default_ip_address": "10.6.6.16",
            "disk": [
              {
                "attach": false,
                "controller_type": "scsi",
                "datastore_id": "datastore-21",
                "device_address": "scsi:0:0",
                "disk_mode": "persistent",
                "disk_sharing": "sharingNone",
                "eagerly_scrub": false,
                "io_limit": -1,
                "io_reservation": 0,
                "io_share_count": 1000,
                "io_share_level": "normal",
                "keep_on_remove": false,
                "key": 2000,
                "label": "disk0",
                "path": "k8s-worker03/k8s-worker03-000001.vmdk",
                "size": 50,
                "storage_policy_id": "",
                "thin_provisioned": true,
                "unit_number": 0,
                "uuid": "6000C297-8495-9208-dfde-1bb10572775a",
                "write_through": false
              }
            ],
            "efi_secure_boot_enabled": false,
            "enable_disk_uuid": false,
            "enable_logging": false,
            "ept_rvi_mode": "automatic",
            "extra_config": {},
            "extra_config_reboot_required": true,
            "firmware": "bios",
            "folder": "",
            "force_power_off": true,
            "guest_id": "rhel8_64Guest",
            "guest_ip_addresses": [],
            "hardware_version": 14,
            "host_system_id": "host-9",
            "hv_mode": "hvAuto",
            "id": "4238e367-263f-6791-045f-07f06b1fb897",
            "ide_controller_count": 2,
            "ignored_guest_ips": null,
            "imported": null,
            "latency_sensitivity": "normal",
            "memory": 16384,
            "memory_hot_add_enabled": false,
            "memory_limit": -1,
            "memory_reservation": 0,
            "memory_reservation_locked_to_max": false,
            "memory_share_count": 163840,
            "memory_share_level": "normal",
            "migrate_wait_timeout": 30,
            "moid": "vm-605",
            "name": "k8s-worker03",
            "nested_hv_enabled": false,
            "network_interface": [
              {
                "adapter_type": "vmxnet3",
                "bandwidth_limit": -1,
                "bandwidth_reservation": 0,
                "bandwidth_share_count": 50,
                "bandwidth_share_level": "normal",
                "device_address": "pci:0:7",
                "key": 4000,
                "mac_address": "00:50:56:b8:f7:9c",
                "network_id": "network-11",
                "ovf_mapping": "",
                "physical_function": "",
                "use_static_mac": false
              }
            ],
            "num_cores_per_socket": 1,
            "num_cpus": 8,
            "ovf_deploy": [],
            "pci_device_id": [],
            "power_state": "on",
            "poweron_timeout": 300,
            "reboot_required": false,
            "replace_trigger": null,
            "resource_pool_id": "resgroup-15",
            "run_tools_scripts_after_power_on": true,
            "run_tools_scripts_after_resume": true,
            "run_tools_scripts_before_guest_reboot": false,
            "run_tools_scripts_before_guest_shutdown": true,
            "run_tools_scripts_before_guest_standby": true,
            "sata_controller_count": 0,
            "scsi_bus_sharing": "noSharing",
            "scsi_controller_count": 1,
            "scsi_type": "pvscsi",
            "shutdown_wait_timeout": 3,
            "storage_policy_id": "",
            "swap_placement_policy": "inherit",
            "sync_time_with_host": true,
            "sync_time_with_host_periodically": null,
            "tags": [],
            "tools_upgrade_policy": "manual",
            "uuid": "4238e367-263f-6791-045f-07f06b1fb897",
            "vapp": [],
            "vapp_transport": [],
            "vbs_enabled": false,
            "vmware_tools_status": "guestToolsNotRunning",
            "vmx_path": "k8s-worker03/k8s-worker03.vmx",
            "vtpm": [],
            "vvtd_enabled": false,
            "wait_for_guest_ip_timeout": 0,
            "wait_for_guest_net_routable": true,
            "wait_for_guest_net_timeout": 0
          },
          "sensitive_attributes": [
            [
              {
                "type": "get_attr",
                "value": "clone"
              },
              {
                "type": "index",
                "value": {
                  "value": 0,
                  "type": "number"
                }
              },
              {
                "type": "get_attr",
                "value": "customize"
              },
              {
                "type": "index",
                "value": {
                  "value": 0,
                  "type": "number"
                }
              },
              {
                "type": "get_attr",
                "value": "linux_options"
              },
              {
                "type": "index",
                "value": {
                  "value": 0,
                  "type": "number"
                }
              },
              {
                "type": "get_attr",
                "value": "script_text"
              }
            ],
            [
              {
                "type": "get_attr",
                "value": "clone"
              },
              {
                "type": "index",
                "value": {
                  "value": 0,
                  "type": "number"
                }
              },
              {
                "type": "get_attr",
                "value": "customize"
              },
              {
                "type": "index",
                "value": {
                  "value": 0,
                  "type": "number"
                }
              },
              {
                "type": "get_attr",
                "value": "windows_sysprep_text"
              }
            ]
          ],
          "private": "eyJzY2hlbWFfdmVyc2lvbiI6IjMifQ==",
          "dependencies": [
            "data.vsphere_compute_cluster.cluster",
            "data.vsphere_datacenter.dc",
            "data.vsphere_datastore.ds2",
            "data.vsphere_network.network",
            "data.vsphere_virtual_machine.template"
          ]
        }
      ]
    }
  ],
  "check_results": null
}
