{
  "version": 4,
  "terraform_version": "1.10.4",
  "serial": 297,
  "lineage": "df6c5020-7ca4-a8f8-0ce9-0d507fe5062e",
  "outputs": {
    "vm_names": {
      "value": {
        "k8s-devops": "k8s-devops",
        "k8s-jumserver": "k8s-jumserver",
        "k8s-m01": "k8s-m01",
        "k8s-m02": "k8s-m02",
        "k8s-m03": "k8s-m03",
        "k8s-w01-infra": "k8s-w01-infra",
        "k8s-w02-infra": "k8s-w02-infra",
        "k8s-w03-infra": "k8s-w03-infra",
        "k8s-w04-dbs": "k8s-w04-dbs",
        "k8s-w05-dbs": "k8s-w05-dbs",
        "k8s-w06-dbs": "k8s-w06-dbs",
        "k8s-w07-apps": "k8s-w07-apps"
      },
      "type": [
        "object",
        {
          "k8s-devops": "string",
          "k8s-jumserver": "string",
          "k8s-m01": "string",
          "k8s-m02": "string",
          "k8s-m03": "string",
          "k8s-w01-infra": "string",
          "k8s-w02-infra": "string",
          "k8s-w03-infra": "string",
          "k8s-w04-dbs": "string",
          "k8s-w05-dbs": "string",
          "k8s-w06-dbs": "string",
          "k8s-w07-apps": "string"
        }
      ]
    },
    "vm_summary": {
      "value": {
        "k8s-devops": {
          "cpu_cores": 4,
          "hostname": "k8s-devops",
          "ip_address": "10.0.6.21",
          "memory_mb": 8192,
          "vm_type": "template-redhat8v2"
        },
        "k8s-jumserver": {
          "cpu_cores": 4,
          "hostname": "k8s-jumserver",
          "ip_address": "10.0.6.6",
          "memory_mb": 4096,
          "vm_type": "template-redhat8v2"
        },
        "k8s-m01": {
          "cpu_cores": 4,
          "hostname": "k8s-m01",
          "ip_address": "10.0.6.11",
          "memory_mb": 4096,
          "vm_type": "template-redhat8v2"
        },
        "k8s-m02": {
          "cpu_cores": 4,
          "hostname": "k8s-m02",
          "ip_address": "10.0.6.12",
          "memory_mb": 4096,
          "vm_type": "template-redhat8v2"
        },
        "k8s-m03": {
          "cpu_cores": 4,
          "hostname": "k8s-m03",
          "ip_address": "10.0.6.13",
          "memory_mb": 4096,
          "vm_type": "template-redhat8v2"
        },
        "k8s-w01-infra": {
          "cpu_cores": 8,
          "hostname": "k8s-w01-infra",
          "ip_address": "10.0.6.14",
          "memory_mb": 8192,
          "vm_type": "template-redhat8v2"
        },
        "k8s-w02-infra": {
          "cpu_cores": 8,
          "hostname": "k8s-w02-infra",
          "ip_address": "10.0.6.15",
          "memory_mb": 8192,
          "vm_type": "template-redhat8v2"
        },
        "k8s-w03-infra": {
          "cpu_cores": 8,
          "hostname": "k8s-w03-app",
          "ip_address": "10.0.6.16",
          "memory_mb": 8192,
          "vm_type": "template-redhat8v2"
        },
        "k8s-w04-dbs": {
          "cpu_cores": 8,
          "hostname": "k8s-w04-dbs",
          "ip_address": "10.0.6.17",
          "memory_mb": 8192,
          "vm_type": "template-redhat8v2"
        },
        "k8s-w05-dbs": {
          "cpu_cores": 8,
          "hostname": "k8s-w05-dbs",
          "ip_address": "10.0.6.18",
          "memory_mb": 8192,
          "vm_type": "template-redhat8v2"
        },
        "k8s-w06-dbs": {
          "cpu_cores": 8,
          "hostname": "k8s-w06-dbs",
          "ip_address": "10.0.6.19",
          "memory_mb": 8192,
          "vm_type": "template-redhat8v2"
        },
        "k8s-w07-apps": {
          "cpu_cores": 4,
          "hostname": "k8s-w07-apps",
          "ip_address": "10.0.6.20",
          "memory_mb": 8192,
          "vm_type": "template-redhat8v2"
        }
      },
      "type": [
        "object",
        {
          "k8s-devops": [
            "object",
            {
              "cpu_cores": "number",
              "hostname": "string",
              "ip_address": "string",
              "memory_mb": "number",
              "vm_type": "string"
            }
          ],
          "k8s-jumserver": [
            "object",
            {
              "cpu_cores": "number",
              "hostname": "string",
              "ip_address": "string",
              "memory_mb": "number",
              "vm_type": "string"
            }
          ],
          "k8s-m01": [
            "object",
            {
              "cpu_cores": "number",
              "hostname": "string",
              "ip_address": "string",
              "memory_mb": "number",
              "vm_type": "string"
            }
          ],
          "k8s-m02": [
            "object",
            {
              "cpu_cores": "number",
              "hostname": "string",
              "ip_address": "string",
              "memory_mb": "number",
              "vm_type": "string"
            }
          ],
          "k8s-m03": [
            "object",
            {
              "cpu_cores": "number",
              "hostname": "string",
              "ip_address": "string",
              "memory_mb": "number",
              "vm_type": "string"
            }
          ],
          "k8s-w01-infra": [
            "object",
            {
              "cpu_cores": "number",
              "hostname": "string",
              "ip_address": "string",
              "memory_mb": "number",
              "vm_type": "string"
            }
          ],
          "k8s-w02-infra": [
            "object",
            {
              "cpu_cores": "number",
              "hostname": "string",
              "ip_address": "string",
              "memory_mb": "number",
              "vm_type": "string"
            }
          ],
          "k8s-w03-infra": [
            "object",
            {
              "cpu_cores": "number",
              "hostname": "string",
              "ip_address": "string",
              "memory_mb": "number",
              "vm_type": "string"
            }
          ],
          "k8s-w04-dbs": [
            "object",
            {
              "cpu_cores": "number",
              "hostname": "string",
              "ip_address": "string",
              "memory_mb": "number",
              "vm_type": "string"
            }
          ],
          "k8s-w05-dbs": [
            "object",
            {
              "cpu_cores": "number",
              "hostname": "string",
              "ip_address": "string",
              "memory_mb": "number",
              "vm_type": "string"
            }
          ],
          "k8s-w06-dbs": [
            "object",
            {
              "cpu_cores": "number",
              "hostname": "string",
              "ip_address": "string",
              "memory_mb": "number",
              "vm_type": "string"
            }
          ],
          "k8s-w07-apps": [
            "object",
            {
              "cpu_cores": "number",
              "hostname": "string",
              "ip_address": "string",
              "memory_mb": "number",
              "vm_type": "string"
            }
          ]
        }
      ]
    }
  },
  "resources": [
    {
      "mode": "data",
      "type": "vsphere_compute_cluster",
      "name": "cluster",
      "provider": "provider[\"registry.terraform.io/hashicorp/vsphere\"]",
      "instances": [
        {
          "schema_version": 0,
          "attributes": {
            "datacenter_id": "datacenter-2",
            "id": "domain-c7",
            "name": "Home",
            "resource_pool_id": "resgroup-8"
          },
          "sensitive_attributes": []
        }
      ]
    },
    {
      "mode": "data",
      "type": "vsphere_datacenter",
      "name": "dc",
      "provider": "provider[\"registry.terraform.io/hashicorp/vsphere\"]",
      "instances": [
        {
          "schema_version": 0,
          "attributes": {
            "id": "datacenter-2",
            "name": "Home",
            "virtual_machines": [
              "VMware vCenter Server Appliance",
              "template-redhat8v2",
              "ubuntu-24-2"
            ]
          },
          "sensitive_attributes": []
        }
      ]
    },
    {
      "mode": "data",
      "type": "vsphere_datastore",
      "name": "datastores",
      "provider": "provider[\"registry.terraform.io/hashicorp/vsphere\"]",
      "instances": [
        {
          "index_key": "ds1",
          "schema_version": 0,
          "attributes": {
            "datacenter_id": "datacenter-2",
            "id": "datastore-11",
            "name": "datastore1",
            "stats": {
              "capacity": "850940395520",
              "free": "495884173312"
            }
          },
          "sensitive_attributes": []
        },
        {
          "index_key": "ds2",
          "schema_version": 0,
          "attributes": {
            "datacenter_id": "datacenter-2",
            "id": "datastore-12",
            "name": "datastore2",
            "stats": {
              "capacity": "858725023744",
              "free": "850029182976"
            }
          },
          "sensitive_attributes": []
        }
      ]
    },
    {
      "mode": "data",
      "type": "vsphere_network",
      "name": "network",
      "provider": "provider[\"registry.terraform.io/hashicorp/vsphere\"]",
      "instances": [
        {
          "schema_version": 0,
          "attributes": {
            "datacenter_id": "datacenter-2",
            "distributed_virtual_switch_uuid": null,
            "filter": null,
            "id": "network-13",
            "name": "VM Network",
            "type": "Network"
          },
          "sensitive_attributes": []
        }
      ]
    },
    {
      "mode": "data",
      "type": "vsphere_virtual_machine",
      "name": "template",
      "provider": "provider[\"registry.terraform.io/hashicorp/vsphere\"]",
      "instances": [
        {
          "index_key": "k8s-devops",
          "schema_version": 0,
          "attributes": {
            "alternate_guest_name": "",
            "annotation": "",
            "boot_delay": 5000,
            "boot_retry_delay": 10000,
            "boot_retry_enabled": false,
            "change_version": "2025-01-11T16:02:32.982178Z",
            "cpu_hot_add_enabled": false,
            "cpu_hot_remove_enabled": false,
            "cpu_limit": -1,
            "cpu_performance_counters_enabled": false,
            "cpu_reservation": 0,
            "cpu_share_count": 2000,
            "cpu_share_level": "normal",
            "datacenter_id": "datacenter-2",
            "default_ip_address": null,
            "disks": [
              {
                "eagerly_scrub": false,
                "label": "Hard disk 1",
                "size": 50,
                "thin_provisioned": true,
                "unit_number": 0
              }
            ],
            "efi_secure_boot_enabled": false,
            "enable_disk_uuid": false,
            "enable_logging": false,
            "ept_rvi_mode": "automatic",
            "extra_config": {},
            "extra_config_reboot_required": true,
            "firmware": "bios",
            "folder": null,
            "guest_id": "rhel8_64Guest",
            "guest_ip_addresses": [],
            "hardware_version": 14,
            "hv_mode": "hvAuto",
            "id": "423850b0-2348-c739-2e8d-e720153f56af",
            "ide_controller_scan_count": 2,
            "instance_uuid": "50381eca-7fa6-7521-9cad-c0136f1a023c",
            "latency_sensitivity": "normal",
            "memory": 4096,
            "memory_hot_add_enabled": false,
            "memory_limit": -1,
            "memory_reservation": 0,
            "memory_reservation_locked_to_max": false,
            "memory_share_count": 40960,
            "memory_share_level": "normal",
            "moid": "vm-17",
            "name": "template-redhat8v2",
            "nested_hv_enabled": false,
            "network_interface_types": [
              "vmxnet3"
            ],
            "network_interfaces": [
              {
                "adapter_type": "vmxnet3",
                "bandwidth_limit": -1,
                "bandwidth_reservation": 0,
                "bandwidth_share_count": 50,
                "bandwidth_share_level": "normal",
                "mac_address": "00:50:56:b8:c1:df",
                "network_id": "network-13",
                "physical_function": ""
              }
            ],
            "num_cores_per_socket": 1,
            "num_cpus": 2,
            "replace_trigger": null,
            "run_tools_scripts_after_power_on": true,
            "run_tools_scripts_after_resume": true,
            "run_tools_scripts_before_guest_reboot": false,
            "run_tools_scripts_before_guest_shutdown": true,
            "run_tools_scripts_before_guest_standby": true,
            "sata_controller_scan_count": 0,
            "scsi_bus_sharing": "noSharing",
            "scsi_controller_scan_count": 1,
            "scsi_type": "pvscsi",
            "storage_policy_id": null,
            "swap_placement_policy": "inherit",
            "sync_time_with_host": true,
            "sync_time_with_host_periodically": null,
            "tools_upgrade_policy": "manual",
            "uuid": "423850b0-2348-c739-2e8d-e720153f56af",
            "vapp": null,
            "vapp_transport": [],
            "vbs_enabled": false,
            "vtpm": null,
            "vvtd_enabled": false
          },
          "sensitive_attributes": []
        },
        {
          "index_key": "k8s-jumserver",
          "schema_version": 0,
          "attributes": {
            "alternate_guest_name": "",
            "annotation": "",
            "boot_delay": 5000,
            "boot_retry_delay": 10000,
            "boot_retry_enabled": false,
            "change_version": "2025-01-11T16:02:32.982178Z",
            "cpu_hot_add_enabled": false,
            "cpu_hot_remove_enabled": false,
            "cpu_limit": -1,
            "cpu_performance_counters_enabled": false,
            "cpu_reservation": 0,
            "cpu_share_count": 2000,
            "cpu_share_level": "normal",
            "datacenter_id": "datacenter-2",
            "default_ip_address": null,
            "disks": [
              {
                "eagerly_scrub": false,
                "label": "Hard disk 1",
                "size": 50,
                "thin_provisioned": true,
                "unit_number": 0
              }
            ],
            "efi_secure_boot_enabled": false,
            "enable_disk_uuid": false,
            "enable_logging": false,
            "ept_rvi_mode": "automatic",
            "extra_config": {},
            "extra_config_reboot_required": true,
            "firmware": "bios",
            "folder": null,
            "guest_id": "rhel8_64Guest",
            "guest_ip_addresses": [],
            "hardware_version": 14,
            "hv_mode": "hvAuto",
            "id": "423850b0-2348-c739-2e8d-e720153f56af",
            "ide_controller_scan_count": 2,
            "instance_uuid": "50381eca-7fa6-7521-9cad-c0136f1a023c",
            "latency_sensitivity": "normal",
            "memory": 4096,
            "memory_hot_add_enabled": false,
            "memory_limit": -1,
            "memory_reservation": 0,
            "memory_reservation_locked_to_max": false,
            "memory_share_count": 40960,
            "memory_share_level": "normal",
            "moid": "vm-17",
            "name": "template-redhat8v2",
            "nested_hv_enabled": false,
            "network_interface_types": [
              "vmxnet3"
            ],
            "network_interfaces": [
              {
                "adapter_type": "vmxnet3",
                "bandwidth_limit": -1,
                "bandwidth_reservation": 0,
                "bandwidth_share_count": 50,
                "bandwidth_share_level": "normal",
                "mac_address": "00:50:56:b8:c1:df",
                "network_id": "network-13",
                "physical_function": ""
              }
            ],
            "num_cores_per_socket": 1,
            "num_cpus": 2,
            "replace_trigger": null,
            "run_tools_scripts_after_power_on": true,
            "run_tools_scripts_after_resume": true,
            "run_tools_scripts_before_guest_reboot": false,
            "run_tools_scripts_before_guest_shutdown": true,
            "run_tools_scripts_before_guest_standby": true,
            "sata_controller_scan_count": 0,
            "scsi_bus_sharing": "noSharing",
            "scsi_controller_scan_count": 1,
            "scsi_type": "pvscsi",
            "storage_policy_id": null,
            "swap_placement_policy": "inherit",
            "sync_time_with_host": true,
            "sync_time_with_host_periodically": null,
            "tools_upgrade_policy": "manual",
            "uuid": "423850b0-2348-c739-2e8d-e720153f56af",
            "vapp": null,
            "vapp_transport": [],
            "vbs_enabled": false,
            "vtpm": null,
            "vvtd_enabled": false
          },
          "sensitive_attributes": []
        },
        {
          "index_key": "k8s-m01",
          "schema_version": 0,
          "attributes": {
            "alternate_guest_name": "",
            "annotation": "",
            "boot_delay": 5000,
            "boot_retry_delay": 10000,
            "boot_retry_enabled": false,
            "change_version": "2025-01-11T16:02:32.982178Z",
            "cpu_hot_add_enabled": false,
            "cpu_hot_remove_enabled": false,
            "cpu_limit": -1,
            "cpu_performance_counters_enabled": false,
            "cpu_reservation": 0,
            "cpu_share_count": 2000,
            "cpu_share_level": "normal",
            "datacenter_id": "datacenter-2",
            "default_ip_address": null,
            "disks": [
              {
                "eagerly_scrub": false,
                "label": "Hard disk 1",
                "size": 50,
                "thin_provisioned": true,
                "unit_number": 0
              }
            ],
            "efi_secure_boot_enabled": false,
            "enable_disk_uuid": false,
            "enable_logging": false,
            "ept_rvi_mode": "automatic",
            "extra_config": {},
            "extra_config_reboot_required": true,
            "firmware": "bios",
            "folder": null,
            "guest_id": "rhel8_64Guest",
            "guest_ip_addresses": [],
            "hardware_version": 14,
            "hv_mode": "hvAuto",
            "id": "423850b0-2348-c739-2e8d-e720153f56af",
            "ide_controller_scan_count": 2,
            "instance_uuid": "50381eca-7fa6-7521-9cad-c0136f1a023c",
            "latency_sensitivity": "normal",
            "memory": 4096,
            "memory_hot_add_enabled": false,
            "memory_limit": -1,
            "memory_reservation": 0,
            "memory_reservation_locked_to_max": false,
            "memory_share_count": 40960,
            "memory_share_level": "normal",
            "moid": "vm-17",
            "name": "template-redhat8v2",
            "nested_hv_enabled": false,
            "network_interface_types": [
              "vmxnet3"
            ],
            "network_interfaces": [
              {
                "adapter_type": "vmxnet3",
                "bandwidth_limit": -1,
                "bandwidth_reservation": 0,
                "bandwidth_share_count": 50,
                "bandwidth_share_level": "normal",
                "mac_address": "00:50:56:b8:c1:df",
                "network_id": "network-13",
                "physical_function": ""
              }
            ],
            "num_cores_per_socket": 1,
            "num_cpus": 2,
            "replace_trigger": null,
            "run_tools_scripts_after_power_on": true,
            "run_tools_scripts_after_resume": true,
            "run_tools_scripts_before_guest_reboot": false,
            "run_tools_scripts_before_guest_shutdown": true,
            "run_tools_scripts_before_guest_standby": true,
            "sata_controller_scan_count": 0,
            "scsi_bus_sharing": "noSharing",
            "scsi_controller_scan_count": 1,
            "scsi_type": "pvscsi",
            "storage_policy_id": null,
            "swap_placement_policy": "inherit",
            "sync_time_with_host": true,
            "sync_time_with_host_periodically": null,
            "tools_upgrade_policy": "manual",
            "uuid": "423850b0-2348-c739-2e8d-e720153f56af",
            "vapp": null,
            "vapp_transport": [],
            "vbs_enabled": false,
            "vtpm": null,
            "vvtd_enabled": false
          },
          "sensitive_attributes": []
        },
        {
          "index_key": "k8s-m02",
          "schema_version": 0,
          "attributes": {
            "alternate_guest_name": "",
            "annotation": "",
            "boot_delay": 5000,
            "boot_retry_delay": 10000,
            "boot_retry_enabled": false,
            "change_version": "2025-01-11T16:02:32.982178Z",
            "cpu_hot_add_enabled": false,
            "cpu_hot_remove_enabled": false,
            "cpu_limit": -1,
            "cpu_performance_counters_enabled": false,
            "cpu_reservation": 0,
            "cpu_share_count": 2000,
            "cpu_share_level": "normal",
            "datacenter_id": "datacenter-2",
            "default_ip_address": null,
            "disks": [
              {
                "eagerly_scrub": false,
                "label": "Hard disk 1",
                "size": 50,
                "thin_provisioned": true,
                "unit_number": 0
              }
            ],
            "efi_secure_boot_enabled": false,
            "enable_disk_uuid": false,
            "enable_logging": false,
            "ept_rvi_mode": "automatic",
            "extra_config": {},
            "extra_config_reboot_required": true,
            "firmware": "bios",
            "folder": null,
            "guest_id": "rhel8_64Guest",
            "guest_ip_addresses": [],
            "hardware_version": 14,
            "hv_mode": "hvAuto",
            "id": "423850b0-2348-c739-2e8d-e720153f56af",
            "ide_controller_scan_count": 2,
            "instance_uuid": "50381eca-7fa6-7521-9cad-c0136f1a023c",
            "latency_sensitivity": "normal",
            "memory": 4096,
            "memory_hot_add_enabled": false,
            "memory_limit": -1,
            "memory_reservation": 0,
            "memory_reservation_locked_to_max": false,
            "memory_share_count": 40960,
            "memory_share_level": "normal",
            "moid": "vm-17",
            "name": "template-redhat8v2",
            "nested_hv_enabled": false,
            "network_interface_types": [
              "vmxnet3"
            ],
            "network_interfaces": [
              {
                "adapter_type": "vmxnet3",
                "bandwidth_limit": -1,
                "bandwidth_reservation": 0,
                "bandwidth_share_count": 50,
                "bandwidth_share_level": "normal",
                "mac_address": "00:50:56:b8:c1:df",
                "network_id": "network-13",
                "physical_function": ""
              }
            ],
            "num_cores_per_socket": 1,
            "num_cpus": 2,
            "replace_trigger": null,
            "run_tools_scripts_after_power_on": true,
            "run_tools_scripts_after_resume": true,
            "run_tools_scripts_before_guest_reboot": false,
            "run_tools_scripts_before_guest_shutdown": true,
            "run_tools_scripts_before_guest_standby": true,
            "sata_controller_scan_count": 0,
            "scsi_bus_sharing": "noSharing",
            "scsi_controller_scan_count": 1,
            "scsi_type": "pvscsi",
            "storage_policy_id": null,
            "swap_placement_policy": "inherit",
            "sync_time_with_host": true,
            "sync_time_with_host_periodically": null,
            "tools_upgrade_policy": "manual",
            "uuid": "423850b0-2348-c739-2e8d-e720153f56af",
            "vapp": null,
            "vapp_transport": [],
            "vbs_enabled": false,
            "vtpm": null,
            "vvtd_enabled": false
          },
          "sensitive_attributes": []
        },
        {
          "index_key": "k8s-m03",
          "schema_version": 0,
          "attributes": {
            "alternate_guest_name": "",
            "annotation": "",
            "boot_delay": 5000,
            "boot_retry_delay": 10000,
            "boot_retry_enabled": false,
            "change_version": "2025-01-11T16:02:32.982178Z",
            "cpu_hot_add_enabled": false,
            "cpu_hot_remove_enabled": false,
            "cpu_limit": -1,
            "cpu_performance_counters_enabled": false,
            "cpu_reservation": 0,
            "cpu_share_count": 2000,
            "cpu_share_level": "normal",
            "datacenter_id": "datacenter-2",
            "default_ip_address": null,
            "disks": [
              {
                "eagerly_scrub": false,
                "label": "Hard disk 1",
                "size": 50,
                "thin_provisioned": true,
                "unit_number": 0
              }
            ],
            "efi_secure_boot_enabled": false,
            "enable_disk_uuid": false,
            "enable_logging": false,
            "ept_rvi_mode": "automatic",
            "extra_config": {},
            "extra_config_reboot_required": true,
            "firmware": "bios",
            "folder": null,
            "guest_id": "rhel8_64Guest",
            "guest_ip_addresses": [],
            "hardware_version": 14,
            "hv_mode": "hvAuto",
            "id": "423850b0-2348-c739-2e8d-e720153f56af",
            "ide_controller_scan_count": 2,
            "instance_uuid": "50381eca-7fa6-7521-9cad-c0136f1a023c",
            "latency_sensitivity": "normal",
            "memory": 4096,
            "memory_hot_add_enabled": false,
            "memory_limit": -1,
            "memory_reservation": 0,
            "memory_reservation_locked_to_max": false,
            "memory_share_count": 40960,
            "memory_share_level": "normal",
            "moid": "vm-17",
            "name": "template-redhat8v2",
            "nested_hv_enabled": false,
            "network_interface_types": [
              "vmxnet3"
            ],
            "network_interfaces": [
              {
                "adapter_type": "vmxnet3",
                "bandwidth_limit": -1,
                "bandwidth_reservation": 0,
                "bandwidth_share_count": 50,
                "bandwidth_share_level": "normal",
                "mac_address": "00:50:56:b8:c1:df",
                "network_id": "network-13",
                "physical_function": ""
              }
            ],
            "num_cores_per_socket": 1,
            "num_cpus": 2,
            "replace_trigger": null,
            "run_tools_scripts_after_power_on": true,
            "run_tools_scripts_after_resume": true,
            "run_tools_scripts_before_guest_reboot": false,
            "run_tools_scripts_before_guest_shutdown": true,
            "run_tools_scripts_before_guest_standby": true,
            "sata_controller_scan_count": 0,
            "scsi_bus_sharing": "noSharing",
            "scsi_controller_scan_count": 1,
            "scsi_type": "pvscsi",
            "storage_policy_id": null,
            "swap_placement_policy": "inherit",
            "sync_time_with_host": true,
            "sync_time_with_host_periodically": null,
            "tools_upgrade_policy": "manual",
            "uuid": "423850b0-2348-c739-2e8d-e720153f56af",
            "vapp": null,
            "vapp_transport": [],
            "vbs_enabled": false,
            "vtpm": null,
            "vvtd_enabled": false
          },
          "sensitive_attributes": []
        },
        {
          "index_key": "k8s-w01-infra",
          "schema_version": 0,
          "attributes": {
            "alternate_guest_name": "",
            "annotation": "",
            "boot_delay": 5000,
            "boot_retry_delay": 10000,
            "boot_retry_enabled": false,
            "change_version": "2025-01-11T16:02:32.982178Z",
            "cpu_hot_add_enabled": false,
            "cpu_hot_remove_enabled": false,
            "cpu_limit": -1,
            "cpu_performance_counters_enabled": false,
            "cpu_reservation": 0,
            "cpu_share_count": 2000,
            "cpu_share_level": "normal",
            "datacenter_id": "datacenter-2",
            "default_ip_address": null,
            "disks": [
              {
                "eagerly_scrub": false,
                "label": "Hard disk 1",
                "size": 50,
                "thin_provisioned": true,
                "unit_number": 0
              }
            ],
            "efi_secure_boot_enabled": false,
            "enable_disk_uuid": false,
            "enable_logging": false,
            "ept_rvi_mode": "automatic",
            "extra_config": {},
            "extra_config_reboot_required": true,
            "firmware": "bios",
            "folder": null,
            "guest_id": "rhel8_64Guest",
            "guest_ip_addresses": [],
            "hardware_version": 14,
            "hv_mode": "hvAuto",
            "id": "423850b0-2348-c739-2e8d-e720153f56af",
            "ide_controller_scan_count": 2,
            "instance_uuid": "50381eca-7fa6-7521-9cad-c0136f1a023c",
            "latency_sensitivity": "normal",
            "memory": 4096,
            "memory_hot_add_enabled": false,
            "memory_limit": -1,
            "memory_reservation": 0,
            "memory_reservation_locked_to_max": false,
            "memory_share_count": 40960,
            "memory_share_level": "normal",
            "moid": "vm-17",
            "name": "template-redhat8v2",
            "nested_hv_enabled": false,
            "network_interface_types": [
              "vmxnet3"
            ],
            "network_interfaces": [
              {
                "adapter_type": "vmxnet3",
                "bandwidth_limit": -1,
                "bandwidth_reservation": 0,
                "bandwidth_share_count": 50,
                "bandwidth_share_level": "normal",
                "mac_address": "00:50:56:b8:c1:df",
                "network_id": "network-13",
                "physical_function": ""
              }
            ],
            "num_cores_per_socket": 1,
            "num_cpus": 2,
            "replace_trigger": null,
            "run_tools_scripts_after_power_on": true,
            "run_tools_scripts_after_resume": true,
            "run_tools_scripts_before_guest_reboot": false,
            "run_tools_scripts_before_guest_shutdown": true,
            "run_tools_scripts_before_guest_standby": true,
            "sata_controller_scan_count": 0,
            "scsi_bus_sharing": "noSharing",
            "scsi_controller_scan_count": 1,
            "scsi_type": "pvscsi",
            "storage_policy_id": null,
            "swap_placement_policy": "inherit",
            "sync_time_with_host": true,
            "sync_time_with_host_periodically": null,
            "tools_upgrade_policy": "manual",
            "uuid": "423850b0-2348-c739-2e8d-e720153f56af",
            "vapp": null,
            "vapp_transport": [],
            "vbs_enabled": false,
            "vtpm": null,
            "vvtd_enabled": false
          },
          "sensitive_attributes": []
        },
        {
          "index_key": "k8s-w02-infra",
          "schema_version": 0,
          "attributes": {
            "alternate_guest_name": "",
            "annotation": "",
            "boot_delay": 5000,
            "boot_retry_delay": 10000,
            "boot_retry_enabled": false,
            "change_version": "2025-01-11T16:02:32.982178Z",
            "cpu_hot_add_enabled": false,
            "cpu_hot_remove_enabled": false,
            "cpu_limit": -1,
            "cpu_performance_counters_enabled": false,
            "cpu_reservation": 0,
            "cpu_share_count": 2000,
            "cpu_share_level": "normal",
            "datacenter_id": "datacenter-2",
            "default_ip_address": null,
            "disks": [
              {
                "eagerly_scrub": false,
                "label": "Hard disk 1",
                "size": 50,
                "thin_provisioned": true,
                "unit_number": 0
              }
            ],
            "efi_secure_boot_enabled": false,
            "enable_disk_uuid": false,
            "enable_logging": false,
            "ept_rvi_mode": "automatic",
            "extra_config": {},
            "extra_config_reboot_required": true,
            "firmware": "bios",
            "folder": null,
            "guest_id": "rhel8_64Guest",
            "guest_ip_addresses": [],
            "hardware_version": 14,
            "hv_mode": "hvAuto",
            "id": "423850b0-2348-c739-2e8d-e720153f56af",
            "ide_controller_scan_count": 2,
            "instance_uuid": "50381eca-7fa6-7521-9cad-c0136f1a023c",
            "latency_sensitivity": "normal",
            "memory": 4096,
            "memory_hot_add_enabled": false,
            "memory_limit": -1,
            "memory_reservation": 0,
            "memory_reservation_locked_to_max": false,
            "memory_share_count": 40960,
            "memory_share_level": "normal",
            "moid": "vm-17",
            "name": "template-redhat8v2",
            "nested_hv_enabled": false,
            "network_interface_types": [
              "vmxnet3"
            ],
            "network_interfaces": [
              {
                "adapter_type": "vmxnet3",
                "bandwidth_limit": -1,
                "bandwidth_reservation": 0,
                "bandwidth_share_count": 50,
                "bandwidth_share_level": "normal",
                "mac_address": "00:50:56:b8:c1:df",
                "network_id": "network-13",
                "physical_function": ""
              }
            ],
            "num_cores_per_socket": 1,
            "num_cpus": 2,
            "replace_trigger": null,
            "run_tools_scripts_after_power_on": true,
            "run_tools_scripts_after_resume": true,
            "run_tools_scripts_before_guest_reboot": false,
            "run_tools_scripts_before_guest_shutdown": true,
            "run_tools_scripts_before_guest_standby": true,
            "sata_controller_scan_count": 0,
            "scsi_bus_sharing": "noSharing",
            "scsi_controller_scan_count": 1,
            "scsi_type": "pvscsi",
            "storage_policy_id": null,
            "swap_placement_policy": "inherit",
            "sync_time_with_host": true,
            "sync_time_with_host_periodically": null,
            "tools_upgrade_policy": "manual",
            "uuid": "423850b0-2348-c739-2e8d-e720153f56af",
            "vapp": null,
            "vapp_transport": [],
            "vbs_enabled": false,
            "vtpm": null,
            "vvtd_enabled": false
          },
          "sensitive_attributes": []
        },
        {
          "index_key": "k8s-w03-infra",
          "schema_version": 0,
          "attributes": {
            "alternate_guest_name": "",
            "annotation": "",
            "boot_delay": 5000,
            "boot_retry_delay": 10000,
            "boot_retry_enabled": false,
            "change_version": "2025-01-11T16:02:32.982178Z",
            "cpu_hot_add_enabled": false,
            "cpu_hot_remove_enabled": false,
            "cpu_limit": -1,
            "cpu_performance_counters_enabled": false,
            "cpu_reservation": 0,
            "cpu_share_count": 2000,
            "cpu_share_level": "normal",
            "datacenter_id": "datacenter-2",
            "default_ip_address": null,
            "disks": [
              {
                "eagerly_scrub": false,
                "label": "Hard disk 1",
                "size": 50,
                "thin_provisioned": true,
                "unit_number": 0
              }
            ],
            "efi_secure_boot_enabled": false,
            "enable_disk_uuid": false,
            "enable_logging": false,
            "ept_rvi_mode": "automatic",
            "extra_config": {},
            "extra_config_reboot_required": true,
            "firmware": "bios",
            "folder": null,
            "guest_id": "rhel8_64Guest",
            "guest_ip_addresses": [],
            "hardware_version": 14,
            "hv_mode": "hvAuto",
            "id": "423850b0-2348-c739-2e8d-e720153f56af",
            "ide_controller_scan_count": 2,
            "instance_uuid": "50381eca-7fa6-7521-9cad-c0136f1a023c",
            "latency_sensitivity": "normal",
            "memory": 4096,
            "memory_hot_add_enabled": false,
            "memory_limit": -1,
            "memory_reservation": 0,
            "memory_reservation_locked_to_max": false,
            "memory_share_count": 40960,
            "memory_share_level": "normal",
            "moid": "vm-17",
            "name": "template-redhat8v2",
            "nested_hv_enabled": false,
            "network_interface_types": [
              "vmxnet3"
            ],
            "network_interfaces": [
              {
                "adapter_type": "vmxnet3",
                "bandwidth_limit": -1,
                "bandwidth_reservation": 0,
                "bandwidth_share_count": 50,
                "bandwidth_share_level": "normal",
                "mac_address": "00:50:56:b8:c1:df",
                "network_id": "network-13",
                "physical_function": ""
              }
            ],
            "num_cores_per_socket": 1,
            "num_cpus": 2,
            "replace_trigger": null,
            "run_tools_scripts_after_power_on": true,
            "run_tools_scripts_after_resume": true,
            "run_tools_scripts_before_guest_reboot": false,
            "run_tools_scripts_before_guest_shutdown": true,
            "run_tools_scripts_before_guest_standby": true,
            "sata_controller_scan_count": 0,
            "scsi_bus_sharing": "noSharing",
            "scsi_controller_scan_count": 1,
            "scsi_type": "pvscsi",
            "storage_policy_id": null,
            "swap_placement_policy": "inherit",
            "sync_time_with_host": true,
            "sync_time_with_host_periodically": null,
            "tools_upgrade_policy": "manual",
            "uuid": "423850b0-2348-c739-2e8d-e720153f56af",
            "vapp": null,
            "vapp_transport": [],
            "vbs_enabled": false,
            "vtpm": null,
            "vvtd_enabled": false
          },
          "sensitive_attributes": []
        },
        {
          "index_key": "k8s-w04-dbs",
          "schema_version": 0,
          "attributes": {
            "alternate_guest_name": "",
            "annotation": "",
            "boot_delay": 5000,
            "boot_retry_delay": 10000,
            "boot_retry_enabled": false,
            "change_version": "2025-01-11T16:02:32.982178Z",
            "cpu_hot_add_enabled": false,
            "cpu_hot_remove_enabled": false,
            "cpu_limit": -1,
            "cpu_performance_counters_enabled": false,
            "cpu_reservation": 0,
            "cpu_share_count": 2000,
            "cpu_share_level": "normal",
            "datacenter_id": "datacenter-2",
            "default_ip_address": null,
            "disks": [
              {
                "eagerly_scrub": false,
                "label": "Hard disk 1",
                "size": 50,
                "thin_provisioned": true,
                "unit_number": 0
              }
            ],
            "efi_secure_boot_enabled": false,
            "enable_disk_uuid": false,
            "enable_logging": false,
            "ept_rvi_mode": "automatic",
            "extra_config": {},
            "extra_config_reboot_required": true,
            "firmware": "bios",
            "folder": null,
            "guest_id": "rhel8_64Guest",
            "guest_ip_addresses": [],
            "hardware_version": 14,
            "hv_mode": "hvAuto",
            "id": "423850b0-2348-c739-2e8d-e720153f56af",
            "ide_controller_scan_count": 2,
            "instance_uuid": "50381eca-7fa6-7521-9cad-c0136f1a023c",
            "latency_sensitivity": "normal",
            "memory": 4096,
            "memory_hot_add_enabled": false,
            "memory_limit": -1,
            "memory_reservation": 0,
            "memory_reservation_locked_to_max": false,
            "memory_share_count": 40960,
            "memory_share_level": "normal",
            "moid": "vm-17",
            "name": "template-redhat8v2",
            "nested_hv_enabled": false,
            "network_interface_types": [
              "vmxnet3"
            ],
            "network_interfaces": [
              {
                "adapter_type": "vmxnet3",
                "bandwidth_limit": -1,
                "bandwidth_reservation": 0,
                "bandwidth_share_count": 50,
                "bandwidth_share_level": "normal",
                "mac_address": "00:50:56:b8:c1:df",
                "network_id": "network-13",
                "physical_function": ""
              }
            ],
            "num_cores_per_socket": 1,
            "num_cpus": 2,
            "replace_trigger": null,
            "run_tools_scripts_after_power_on": true,
            "run_tools_scripts_after_resume": true,
            "run_tools_scripts_before_guest_reboot": false,
            "run_tools_scripts_before_guest_shutdown": true,
            "run_tools_scripts_before_guest_standby": true,
            "sata_controller_scan_count": 0,
            "scsi_bus_sharing": "noSharing",
            "scsi_controller_scan_count": 1,
            "scsi_type": "pvscsi",
            "storage_policy_id": null,
            "swap_placement_policy": "inherit",
            "sync_time_with_host": true,
            "sync_time_with_host_periodically": null,
            "tools_upgrade_policy": "manual",
            "uuid": "423850b0-2348-c739-2e8d-e720153f56af",
            "vapp": null,
            "vapp_transport": [],
            "vbs_enabled": false,
            "vtpm": null,
            "vvtd_enabled": false
          },
          "sensitive_attributes": []
        },
        {
          "index_key": "k8s-w05-dbs",
          "schema_version": 0,
          "attributes": {
            "alternate_guest_name": "",
            "annotation": "",
            "boot_delay": 5000,
            "boot_retry_delay": 10000,
            "boot_retry_enabled": false,
            "change_version": "2025-01-11T16:02:32.982178Z",
            "cpu_hot_add_enabled": false,
            "cpu_hot_remove_enabled": false,
            "cpu_limit": -1,
            "cpu_performance_counters_enabled": false,
            "cpu_reservation": 0,
            "cpu_share_count": 2000,
            "cpu_share_level": "normal",
            "datacenter_id": "datacenter-2",
            "default_ip_address": null,
            "disks": [
              {
                "eagerly_scrub": false,
                "label": "Hard disk 1",
                "size": 50,
                "thin_provisioned": true,
                "unit_number": 0
              }
            ],
            "efi_secure_boot_enabled": false,
            "enable_disk_uuid": false,
            "enable_logging": false,
            "ept_rvi_mode": "automatic",
            "extra_config": {},
            "extra_config_reboot_required": true,
            "firmware": "bios",
            "folder": null,
            "guest_id": "rhel8_64Guest",
            "guest_ip_addresses": [],
            "hardware_version": 14,
            "hv_mode": "hvAuto",
            "id": "423850b0-2348-c739-2e8d-e720153f56af",
            "ide_controller_scan_count": 2,
            "instance_uuid": "50381eca-7fa6-7521-9cad-c0136f1a023c",
            "latency_sensitivity": "normal",
            "memory": 4096,
            "memory_hot_add_enabled": false,
            "memory_limit": -1,
            "memory_reservation": 0,
            "memory_reservation_locked_to_max": false,
            "memory_share_count": 40960,
            "memory_share_level": "normal",
            "moid": "vm-17",
            "name": "template-redhat8v2",
            "nested_hv_enabled": false,
            "network_interface_types": [
              "vmxnet3"
            ],
            "network_interfaces": [
              {
                "adapter_type": "vmxnet3",
                "bandwidth_limit": -1,
                "bandwidth_reservation": 0,
                "bandwidth_share_count": 50,
                "bandwidth_share_level": "normal",
                "mac_address": "00:50:56:b8:c1:df",
                "network_id": "network-13",
                "physical_function": ""
              }
            ],
            "num_cores_per_socket": 1,
            "num_cpus": 2,
            "replace_trigger": null,
            "run_tools_scripts_after_power_on": true,
            "run_tools_scripts_after_resume": true,
            "run_tools_scripts_before_guest_reboot": false,
            "run_tools_scripts_before_guest_shutdown": true,
            "run_tools_scripts_before_guest_standby": true,
            "sata_controller_scan_count": 0,
            "scsi_bus_sharing": "noSharing",
            "scsi_controller_scan_count": 1,
            "scsi_type": "pvscsi",
            "storage_policy_id": null,
            "swap_placement_policy": "inherit",
            "sync_time_with_host": true,
            "sync_time_with_host_periodically": null,
            "tools_upgrade_policy": "manual",
            "uuid": "423850b0-2348-c739-2e8d-e720153f56af",
            "vapp": null,
            "vapp_transport": [],
            "vbs_enabled": false,
            "vtpm": null,
            "vvtd_enabled": false
          },
          "sensitive_attributes": []
        },
        {
          "index_key": "k8s-w06-dbs",
          "schema_version": 0,
          "attributes": {
            "alternate_guest_name": "",
            "annotation": "",
            "boot_delay": 5000,
            "boot_retry_delay": 10000,
            "boot_retry_enabled": false,
            "change_version": "2025-01-11T16:02:32.982178Z",
            "cpu_hot_add_enabled": false,
            "cpu_hot_remove_enabled": false,
            "cpu_limit": -1,
            "cpu_performance_counters_enabled": false,
            "cpu_reservation": 0,
            "cpu_share_count": 2000,
            "cpu_share_level": "normal",
            "datacenter_id": "datacenter-2",
            "default_ip_address": null,
            "disks": [
              {
                "eagerly_scrub": false,
                "label": "Hard disk 1",
                "size": 50,
                "thin_provisioned": true,
                "unit_number": 0
              }
            ],
            "efi_secure_boot_enabled": false,
            "enable_disk_uuid": false,
            "enable_logging": false,
            "ept_rvi_mode": "automatic",
            "extra_config": {},
            "extra_config_reboot_required": true,
            "firmware": "bios",
            "folder": null,
            "guest_id": "rhel8_64Guest",
            "guest_ip_addresses": [],
            "hardware_version": 14,
            "hv_mode": "hvAuto",
            "id": "423850b0-2348-c739-2e8d-e720153f56af",
            "ide_controller_scan_count": 2,
            "instance_uuid": "50381eca-7fa6-7521-9cad-c0136f1a023c",
            "latency_sensitivity": "normal",
            "memory": 4096,
            "memory_hot_add_enabled": false,
            "memory_limit": -1,
            "memory_reservation": 0,
            "memory_reservation_locked_to_max": false,
            "memory_share_count": 40960,
            "memory_share_level": "normal",
            "moid": "vm-17",
            "name": "template-redhat8v2",
            "nested_hv_enabled": false,
            "network_interface_types": [
              "vmxnet3"
            ],
            "network_interfaces": [
              {
                "adapter_type": "vmxnet3",
                "bandwidth_limit": -1,
                "bandwidth_reservation": 0,
                "bandwidth_share_count": 50,
                "bandwidth_share_level": "normal",
                "mac_address": "00:50:56:b8:c1:df",
                "network_id": "network-13",
                "physical_function": ""
              }
            ],
            "num_cores_per_socket": 1,
            "num_cpus": 2,
            "replace_trigger": null,
            "run_tools_scripts_after_power_on": true,
            "run_tools_scripts_after_resume": true,
            "run_tools_scripts_before_guest_reboot": false,
            "run_tools_scripts_before_guest_shutdown": true,
            "run_tools_scripts_before_guest_standby": true,
            "sata_controller_scan_count": 0,
            "scsi_bus_sharing": "noSharing",
            "scsi_controller_scan_count": 1,
            "scsi_type": "pvscsi",
            "storage_policy_id": null,
            "swap_placement_policy": "inherit",
            "sync_time_with_host": true,
            "sync_time_with_host_periodically": null,
            "tools_upgrade_policy": "manual",
            "uuid": "423850b0-2348-c739-2e8d-e720153f56af",
            "vapp": null,
            "vapp_transport": [],
            "vbs_enabled": false,
            "vtpm": null,
            "vvtd_enabled": false
          },
          "sensitive_attributes": []
        },
        {
          "index_key": "k8s-w07-apps",
          "schema_version": 0,
          "attributes": {
            "alternate_guest_name": "",
            "annotation": "",
            "boot_delay": 5000,
            "boot_retry_delay": 10000,
            "boot_retry_enabled": false,
            "change_version": "2025-01-11T16:02:32.982178Z",
            "cpu_hot_add_enabled": false,
            "cpu_hot_remove_enabled": false,
            "cpu_limit": -1,
            "cpu_performance_counters_enabled": false,
            "cpu_reservation": 0,
            "cpu_share_count": 2000,
            "cpu_share_level": "normal",
            "datacenter_id": "datacenter-2",
            "default_ip_address": null,
            "disks": [
              {
                "eagerly_scrub": false,
                "label": "Hard disk 1",
                "size": 50,
                "thin_provisioned": true,
                "unit_number": 0
              }
            ],
            "efi_secure_boot_enabled": false,
            "enable_disk_uuid": false,
            "enable_logging": false,
            "ept_rvi_mode": "automatic",
            "extra_config": {},
            "extra_config_reboot_required": true,
            "firmware": "bios",
            "folder": null,
            "guest_id": "rhel8_64Guest",
            "guest_ip_addresses": [],
            "hardware_version": 14,
            "hv_mode": "hvAuto",
            "id": "423850b0-2348-c739-2e8d-e720153f56af",
            "ide_controller_scan_count": 2,
            "instance_uuid": "50381eca-7fa6-7521-9cad-c0136f1a023c",
            "latency_sensitivity": "normal",
            "memory": 4096,
            "memory_hot_add_enabled": false,
            "memory_limit": -1,
            "memory_reservation": 0,
            "memory_reservation_locked_to_max": false,
            "memory_share_count": 40960,
            "memory_share_level": "normal",
            "moid": "vm-17",
            "name": "template-redhat8v2",
            "nested_hv_enabled": false,
            "network_interface_types": [
              "vmxnet3"
            ],
            "network_interfaces": [
              {
                "adapter_type": "vmxnet3",
                "bandwidth_limit": -1,
                "bandwidth_reservation": 0,
                "bandwidth_share_count": 50,
                "bandwidth_share_level": "normal",
                "mac_address": "00:50:56:b8:c1:df",
                "network_id": "network-13",
                "physical_function": ""
              }
            ],
            "num_cores_per_socket": 1,
            "num_cpus": 2,
            "replace_trigger": null,
            "run_tools_scripts_after_power_on": true,
            "run_tools_scripts_after_resume": true,
            "run_tools_scripts_before_guest_reboot": false,
            "run_tools_scripts_before_guest_shutdown": true,
            "run_tools_scripts_before_guest_standby": true,
            "sata_controller_scan_count": 0,
            "scsi_bus_sharing": "noSharing",
            "scsi_controller_scan_count": 1,
            "scsi_type": "pvscsi",
            "storage_policy_id": null,
            "swap_placement_policy": "inherit",
            "sync_time_with_host": true,
            "sync_time_with_host_periodically": null,
            "tools_upgrade_policy": "manual",
            "uuid": "423850b0-2348-c739-2e8d-e720153f56af",
            "vapp": null,
            "vapp_transport": [],
            "vbs_enabled": false,
            "vtpm": null,
            "vvtd_enabled": false
          },
          "sensitive_attributes": []
        }
      ]
    },
    {
      "module": "module.vcenter_vms[\"k8s-devops\"]",
      "mode": "managed",
      "type": "vsphere_virtual_machine",
      "name": "vm",
      "provider": "provider[\"registry.terraform.io/hashicorp/vsphere\"]",
      "instances": [
        {
          "schema_version": 3,
          "attributes": {
            "alternate_guest_name": "",
            "annotation": "",
            "boot_delay": 5000,
            "boot_retry_delay": 10000,
            "boot_retry_enabled": false,
            "cdrom": [],
            "change_version": "2025-01-16T04:53:01.626742Z",
            "clone": [
              {
                "customization_spec": [],
                "customize": [
                  {
                    "dns_server_list": [
                      "10.0.6.3"
                    ],
                    "dns_suffix_list": null,
                    "ipv4_gateway": "10.0.6.2",
                    "ipv6_gateway": "",
                    "linux_options": [
                      {
                        "domain": "idevops.io.vn",
                        "host_name": "k8s-devops",
                        "hw_clock_utc": true,
                        "script_text": "",
                        "time_zone": ""
                      }
                    ],
                    "network_interface": [
                      {
                        "dns_domain": "",
                        "dns_server_list": null,
                        "ipv4_address": "10.0.6.21",
                        "ipv4_netmask": 24,
                        "ipv6_address": "",
                        "ipv6_netmask": 0
                      }
                    ],
                    "timeout": 10,
                    "windows_options": [],
                    "windows_sysprep_text": ""
                  }
                ],
                "linked_clone": false,
                "ovf_network_map": null,
                "ovf_storage_map": null,
                "template_uuid": "423850b0-2348-c739-2e8d-e720153f56af",
                "timeout": 30
              }
            ],
            "cpu_hot_add_enabled": false,
            "cpu_hot_remove_enabled": false,
            "cpu_limit": -1,
            "cpu_performance_counters_enabled": false,
            "cpu_reservation": 0,
            "cpu_share_count": 4000,
            "cpu_share_level": "normal",
            "custom_attributes": null,
            "datacenter_id": null,
            "datastore_cluster_id": null,
            "datastore_id": "datastore-12",
            "default_ip_address": null,
            "disk": [
              {
                "attach": false,
                "controller_type": "scsi",
                "datastore_id": "datastore-12",
                "device_address": "scsi:0:0",
                "disk_mode": "persistent",
                "disk_sharing": "sharingNone",
                "eagerly_scrub": false,
                "io_limit": -1,
                "io_reservation": 0,
                "io_share_count": 1000,
                "io_share_level": "normal",
                "keep_on_remove": false,
                "key": 2000,
                "label": "disk0",
                "path": "k8s-devops/k8s-devops.vmdk",
                "size": 50,
                "storage_policy_id": "",
                "thin_provisioned": true,
                "unit_number": 0,
                "uuid": "6000C296-0d4d-493e-7320-8a497078e354",
                "write_through": false
              }
            ],
            "efi_secure_boot_enabled": false,
            "enable_disk_uuid": false,
            "enable_logging": false,
            "ept_rvi_mode": "automatic",
            "extra_config": null,
            "extra_config_reboot_required": true,
            "firmware": "bios",
            "folder": "",
            "force_power_off": true,
            "guest_id": "rhel8_64Guest",
            "guest_ip_addresses": [],
            "hardware_version": 14,
            "host_system_id": "host-10",
            "hv_mode": "hvAuto",
            "id": "4236fc39-b624-9e44-e616-df3781b0dd65",
            "ide_controller_count": 2,
            "ignored_guest_ips": null,
            "imported": null,
            "latency_sensitivity": "normal",
            "memory": 8192,
            "memory_hot_add_enabled": false,
            "memory_limit": -1,
            "memory_reservation": 0,
            "memory_reservation_locked_to_max": false,
            "memory_share_count": 81920,
            "memory_share_level": "normal",
            "migrate_wait_timeout": 30,
            "moid": "vm-110",
            "name": "k8s-devops",
            "nested_hv_enabled": false,
            "network_interface": [
              {
                "adapter_type": "vmxnet3",
                "bandwidth_limit": -1,
                "bandwidth_reservation": 0,
                "bandwidth_share_count": 50,
                "bandwidth_share_level": "normal",
                "device_address": "pci:0:7",
                "key": 4000,
                "mac_address": "00:50:56:b6:04:6f",
                "network_id": "network-13",
                "ovf_mapping": "",
                "physical_function": "",
                "use_static_mac": false
              }
            ],
            "num_cores_per_socket": 1,
            "num_cpus": 4,
            "ovf_deploy": [],
            "pci_device_id": null,
            "power_state": "on",
            "poweron_timeout": 300,
            "reboot_required": false,
            "replace_trigger": null,
            "resource_pool_id": "resgroup-8",
            "run_tools_scripts_after_power_on": true,
            "run_tools_scripts_after_resume": true,
            "run_tools_scripts_before_guest_reboot": false,
            "run_tools_scripts_before_guest_shutdown": true,
            "run_tools_scripts_before_guest_standby": true,
            "sata_controller_count": 0,
            "scsi_bus_sharing": "noSharing",
            "scsi_controller_count": 1,
            "scsi_type": "pvscsi",
            "shutdown_wait_timeout": 3,
            "storage_policy_id": "",
            "swap_placement_policy": "inherit",
            "sync_time_with_host": true,
            "sync_time_with_host_periodically": null,
            "tags": null,
            "tools_upgrade_policy": "manual",
            "uuid": "4236fc39-b624-9e44-e616-df3781b0dd65",
            "vapp": [],
            "vapp_transport": [],
            "vbs_enabled": false,
            "vmware_tools_status": "guestToolsRunning",
            "vmx_path": "k8s-devops/k8s-devops.vmx",
            "vtpm": [],
            "vvtd_enabled": false,
            "wait_for_guest_ip_timeout": 0,
            "wait_for_guest_net_routable": true,
            "wait_for_guest_net_timeout": 0
          },
          "sensitive_attributes": [
            [
              {
                "type": "get_attr",
                "value": "clone"
              },
              {
                "type": "index",
                "value": {
                  "value": 0,
                  "type": "number"
                }
              },
              {
                "type": "get_attr",
                "value": "customize"
              },
              {
                "type": "index",
                "value": {
                  "value": 0,
                  "type": "number"
                }
              },
              {
                "type": "get_attr",
                "value": "linux_options"
              },
              {
                "type": "index",
                "value": {
                  "value": 0,
                  "type": "number"
                }
              },
              {
                "type": "get_attr",
                "value": "script_text"
              }
            ],
            [
              {
                "type": "get_attr",
                "value": "clone"
              },
              {
                "type": "index",
                "value": {
                  "value": 0,
                  "type": "number"
                }
              },
              {
                "type": "get_attr",
                "value": "customize"
              },
              {
                "type": "index",
                "value": {
                  "value": 0,
                  "type": "number"
                }
              },
              {
                "type": "get_attr",
                "value": "windows_sysprep_text"
              }
            ]
          ],
          "private": "eyJzY2hlbWFfdmVyc2lvbiI6IjMifQ==",
          "dependencies": [
            "data.vsphere_compute_cluster.cluster",
            "data.vsphere_datacenter.dc",
            "data.vsphere_datastore.datastores",
            "data.vsphere_network.network",
            "data.vsphere_virtual_machine.template"
          ],
          "create_before_destroy": true
        }
      ]
    },
    {
      "module": "module.vcenter_vms[\"k8s-jumserver\"]",
      "mode": "managed",
      "type": "vsphere_virtual_machine",
      "name": "vm",
      "provider": "provider[\"registry.terraform.io/hashicorp/vsphere\"]",
      "instances": [
        {
          "schema_version": 3,
          "attributes": {
            "alternate_guest_name": "",
            "annotation": "",
            "boot_delay": 5000,
            "boot_retry_delay": 10000,
            "boot_retry_enabled": false,
            "cdrom": [],
            "change_version": "2025-01-16T04:53:22.893618Z",
            "clone": [
              {
                "customization_spec": [],
                "customize": [
                  {
                    "dns_server_list": [
                      "10.0.6.3"
                    ],
                    "dns_suffix_list": null,
                    "ipv4_gateway": "10.0.6.2",
                    "ipv6_gateway": "",
                    "linux_options": [
                      {
                        "domain": "idevops.io.vn",
                        "host_name": "k8s-jumserver",
                        "hw_clock_utc": true,
                        "script_text": "",
                        "time_zone": ""
                      }
                    ],
                    "network_interface": [
                      {
                        "dns_domain": "",
                        "dns_server_list": null,
                        "ipv4_address": "10.0.6.6",
                        "ipv4_netmask": 24,
                        "ipv6_address": "",
                        "ipv6_netmask": 0
                      }
                    ],
                    "timeout": 10,
                    "windows_options": [],
                    "windows_sysprep_text": ""
                  }
                ],
                "linked_clone": false,
                "ovf_network_map": null,
                "ovf_storage_map": null,
                "template_uuid": "423850b0-2348-c739-2e8d-e720153f56af",
                "timeout": 30
              }
            ],
            "cpu_hot_add_enabled": false,
            "cpu_hot_remove_enabled": false,
            "cpu_limit": -1,
            "cpu_performance_counters_enabled": false,
            "cpu_reservation": 0,
            "cpu_share_count": 4000,
            "cpu_share_level": "normal",
            "custom_attributes": null,
            "datacenter_id": null,
            "datastore_cluster_id": null,
            "datastore_id": "datastore-12",
            "default_ip_address": null,
            "disk": [
              {
                "attach": false,
                "controller_type": "scsi",
                "datastore_id": "datastore-12",
                "device_address": "scsi:0:0",
                "disk_mode": "persistent",
                "disk_sharing": "sharingNone",
                "eagerly_scrub": false,
                "io_limit": -1,
                "io_reservation": 0,
                "io_share_count": 1000,
                "io_share_level": "normal",
                "keep_on_remove": false,
                "key": 2000,
                "label": "disk0",
                "path": "k8s-jumserver/k8s-jumserver.vmdk",
                "size": 50,
                "storage_policy_id": "",
                "thin_provisioned": true,
                "unit_number": 0,
                "uuid": "6000C296-125c-0572-5b61-616159b0ccaf",
                "write_through": false
              }
            ],
            "efi_secure_boot_enabled": false,
            "enable_disk_uuid": false,
            "enable_logging": false,
            "ept_rvi_mode": "automatic",
            "extra_config": null,
            "extra_config_reboot_required": true,
            "firmware": "bios",
            "folder": "",
            "force_power_off": true,
            "guest_id": "rhel8_64Guest",
            "guest_ip_addresses": [],
            "hardware_version": 14,
            "host_system_id": "host-10",
            "hv_mode": "hvAuto",
            "id": "42367f06-093b-03de-9d17-e8f426d49cd8",
            "ide_controller_count": 2,
            "ignored_guest_ips": null,
            "imported": null,
            "latency_sensitivity": "normal",
            "memory": 4096,
            "memory_hot_add_enabled": false,
            "memory_limit": -1,
            "memory_reservation": 0,
            "memory_reservation_locked_to_max": false,
            "memory_share_count": 40960,
            "memory_share_level": "normal",
            "migrate_wait_timeout": 30,
            "moid": "vm-112",
            "name": "k8s-jumserver",
            "nested_hv_enabled": false,
            "network_interface": [
              {
                "adapter_type": "vmxnet3",
                "bandwidth_limit": -1,
                "bandwidth_reservation": 0,
                "bandwidth_share_count": 50,
                "bandwidth_share_level": "normal",
                "device_address": "pci:0:7",
                "key": 4000,
                "mac_address": "00:50:56:b6:8d:f2",
                "network_id": "network-13",
                "ovf_mapping": "",
                "physical_function": "",
                "use_static_mac": false
              }
            ],
            "num_cores_per_socket": 1,
            "num_cpus": 4,
            "ovf_deploy": [],
            "pci_device_id": null,
            "power_state": "on",
            "poweron_timeout": 300,
            "reboot_required": false,
            "replace_trigger": null,
            "resource_pool_id": "resgroup-8",
            "run_tools_scripts_after_power_on": true,
            "run_tools_scripts_after_resume": true,
            "run_tools_scripts_before_guest_reboot": false,
            "run_tools_scripts_before_guest_shutdown": true,
            "run_tools_scripts_before_guest_standby": true,
            "sata_controller_count": 0,
            "scsi_bus_sharing": "noSharing",
            "scsi_controller_count": 1,
            "scsi_type": "pvscsi",
            "shutdown_wait_timeout": 3,
            "storage_policy_id": "",
            "swap_placement_policy": "inherit",
            "sync_time_with_host": true,
            "sync_time_with_host_periodically": null,
            "tags": null,
            "tools_upgrade_policy": "manual",
            "uuid": "42367f06-093b-03de-9d17-e8f426d49cd8",
            "vapp": [],
            "vapp_transport": [],
            "vbs_enabled": false,
            "vmware_tools_status": "guestToolsRunning",
            "vmx_path": "k8s-jumserver/k8s-jumserver.vmx",
            "vtpm": [],
            "vvtd_enabled": false,
            "wait_for_guest_ip_timeout": 0,
            "wait_for_guest_net_routable": true,
            "wait_for_guest_net_timeout": 0
          },
          "sensitive_attributes": [
            [
              {
                "type": "get_attr",
                "value": "clone"
              },
              {
                "type": "index",
                "value": {
                  "value": 0,
                  "type": "number"
                }
              },
              {
                "type": "get_attr",
                "value": "customize"
              },
              {
                "type": "index",
                "value": {
                  "value": 0,
                  "type": "number"
                }
              },
              {
                "type": "get_attr",
                "value": "linux_options"
              },
              {
                "type": "index",
                "value": {
                  "value": 0,
                  "type": "number"
                }
              },
              {
                "type": "get_attr",
                "value": "script_text"
              }
            ],
            [
              {
                "type": "get_attr",
                "value": "clone"
              },
              {
                "type": "index",
                "value": {
                  "value": 0,
                  "type": "number"
                }
              },
              {
                "type": "get_attr",
                "value": "customize"
              },
              {
                "type": "index",
                "value": {
                  "value": 0,
                  "type": "number"
                }
              },
              {
                "type": "get_attr",
                "value": "windows_sysprep_text"
              }
            ]
          ],
          "private": "eyJzY2hlbWFfdmVyc2lvbiI6IjMifQ==",
          "dependencies": [
            "data.vsphere_compute_cluster.cluster",
            "data.vsphere_datacenter.dc",
            "data.vsphere_datastore.datastores",
            "data.vsphere_network.network",
            "data.vsphere_virtual_machine.template"
          ],
          "create_before_destroy": true
        }
      ]
    },
    {
      "module": "module.vcenter_vms[\"k8s-m01\"]",
      "mode": "managed",
      "type": "vsphere_virtual_machine",
      "name": "vm",
      "provider": "provider[\"registry.terraform.io/hashicorp/vsphere\"]",
      "instances": [
        {
          "schema_version": 3,
          "attributes": {
            "alternate_guest_name": "",
            "annotation": "",
            "boot_delay": 5000,
            "boot_retry_delay": 10000,
            "boot_retry_enabled": false,
            "cdrom": [],
            "change_version": "2025-01-16T04:49:29.687094Z",
            "clone": [
              {
                "customization_spec": [],
                "customize": [
                  {
                    "dns_server_list": [
                      "10.0.6.3"
                    ],
                    "dns_suffix_list": null,
                    "ipv4_gateway": "10.0.6.2",
                    "ipv6_gateway": "",
                    "linux_options": [
                      {
                        "domain": "idevops.io.vn",
                        "host_name": "k8s-m01",
                        "hw_clock_utc": true,
                        "script_text": "",
                        "time_zone": ""
                      }
                    ],
                    "network_interface": [
                      {
                        "dns_domain": "",
                        "dns_server_list": null,
                        "ipv4_address": "10.0.6.11",
                        "ipv4_netmask": 24,
                        "ipv6_address": "",
                        "ipv6_netmask": 0
                      }
                    ],
                    "timeout": 10,
                    "windows_options": [],
                    "windows_sysprep_text": ""
                  }
                ],
                "linked_clone": false,
                "ovf_network_map": null,
                "ovf_storage_map": null,
                "template_uuid": "423850b0-2348-c739-2e8d-e720153f56af",
                "timeout": 30
              }
            ],
            "cpu_hot_add_enabled": false,
            "cpu_hot_remove_enabled": false,
            "cpu_limit": -1,
            "cpu_performance_counters_enabled": false,
            "cpu_reservation": 0,
            "cpu_share_count": 4000,
            "cpu_share_level": "normal",
            "custom_attributes": null,
            "datacenter_id": null,
            "datastore_cluster_id": null,
            "datastore_id": "datastore-12",
            "default_ip_address": null,
            "disk": [
              {
                "attach": false,
                "controller_type": "scsi",
                "datastore_id": "datastore-12",
                "device_address": "scsi:0:0",
                "disk_mode": "persistent",
                "disk_sharing": "sharingNone",
                "eagerly_scrub": false,
                "io_limit": -1,
                "io_reservation": 0,
                "io_share_count": 1000,
                "io_share_level": "normal",
                "keep_on_remove": false,
                "key": 2000,
                "label": "disk0",
                "path": "k8s-m01/k8s-m01.vmdk",
                "size": 50,
                "storage_policy_id": "",
                "thin_provisioned": true,
                "unit_number": 0,
                "uuid": "6000C293-d3f3-fec8-f504-3e612a08f690",
                "write_through": false
              }
            ],
            "efi_secure_boot_enabled": false,
            "enable_disk_uuid": false,
            "enable_logging": false,
            "ept_rvi_mode": "automatic",
            "extra_config": null,
            "extra_config_reboot_required": true,
            "firmware": "bios",
            "folder": "",
            "force_power_off": true,
            "guest_id": "rhel8_64Guest",
            "guest_ip_addresses": [],
            "hardware_version": 14,
            "host_system_id": "host-10",
            "hv_mode": "hvAuto",
            "id": "4236013d-cfe2-3df8-9383-58feb181f759",
            "ide_controller_count": 2,
            "ignored_guest_ips": null,
            "imported": null,
            "latency_sensitivity": "normal",
            "memory": 4096,
            "memory_hot_add_enabled": false,
            "memory_limit": -1,
            "memory_reservation": 0,
            "memory_reservation_locked_to_max": false,
            "memory_share_count": 40960,
            "memory_share_level": "normal",
            "migrate_wait_timeout": 30,
            "moid": "vm-109",
            "name": "k8s-m01",
            "nested_hv_enabled": false,
            "network_interface": [
              {
                "adapter_type": "vmxnet3",
                "bandwidth_limit": -1,
                "bandwidth_reservation": 0,
                "bandwidth_share_count": 50,
                "bandwidth_share_level": "normal",
                "device_address": "pci:0:7",
                "key": 4000,
                "mac_address": "00:50:56:b6:dd:bb",
                "network_id": "network-13",
                "ovf_mapping": "",
                "physical_function": "",
                "use_static_mac": false
              }
            ],
            "num_cores_per_socket": 1,
            "num_cpus": 4,
            "ovf_deploy": [],
            "pci_device_id": null,
            "power_state": "on",
            "poweron_timeout": 300,
            "reboot_required": false,
            "replace_trigger": null,
            "resource_pool_id": "resgroup-8",
            "run_tools_scripts_after_power_on": true,
            "run_tools_scripts_after_resume": true,
            "run_tools_scripts_before_guest_reboot": false,
            "run_tools_scripts_before_guest_shutdown": true,
            "run_tools_scripts_before_guest_standby": true,
            "sata_controller_count": 0,
            "scsi_bus_sharing": "noSharing",
            "scsi_controller_count": 1,
            "scsi_type": "pvscsi",
            "shutdown_wait_timeout": 3,
            "storage_policy_id": "",
            "swap_placement_policy": "inherit",
            "sync_time_with_host": true,
            "sync_time_with_host_periodically": null,
            "tags": null,
            "tools_upgrade_policy": "manual",
            "uuid": "4236013d-cfe2-3df8-9383-58feb181f759",
            "vapp": [],
            "vapp_transport": [],
            "vbs_enabled": false,
            "vmware_tools_status": "guestToolsRunning",
            "vmx_path": "k8s-m01/k8s-m01.vmx",
            "vtpm": [],
            "vvtd_enabled": false,
            "wait_for_guest_ip_timeout": 0,
            "wait_for_guest_net_routable": true,
            "wait_for_guest_net_timeout": 0
          },
          "sensitive_attributes": [
            [
              {
                "type": "get_attr",
                "value": "clone"
              },
              {
                "type": "index",
                "value": {
                  "value": 0,
                  "type": "number"
                }
              },
              {
                "type": "get_attr",
                "value": "customize"
              },
              {
                "type": "index",
                "value": {
                  "value": 0,
                  "type": "number"
                }
              },
              {
                "type": "get_attr",
                "value": "linux_options"
              },
              {
                "type": "index",
                "value": {
                  "value": 0,
                  "type": "number"
                }
              },
              {
                "type": "get_attr",
                "value": "script_text"
              }
            ],
            [
              {
                "type": "get_attr",
                "value": "clone"
              },
              {
                "type": "index",
                "value": {
                  "value": 0,
                  "type": "number"
                }
              },
              {
                "type": "get_attr",
                "value": "customize"
              },
              {
                "type": "index",
                "value": {
                  "value": 0,
                  "type": "number"
                }
              },
              {
                "type": "get_attr",
                "value": "windows_sysprep_text"
              }
            ]
          ],
          "private": "eyJzY2hlbWFfdmVyc2lvbiI6IjMifQ==",
          "dependencies": [
            "data.vsphere_compute_cluster.cluster",
            "data.vsphere_datacenter.dc",
            "data.vsphere_datastore.datastores",
            "data.vsphere_network.network",
            "data.vsphere_virtual_machine.template"
          ],
          "create_before_destroy": true
        }
      ]
    },
    {
      "module": "module.vcenter_vms[\"k8s-m02\"]",
      "mode": "managed",
      "type": "vsphere_virtual_machine",
      "name": "vm",
      "provider": "provider[\"registry.terraform.io/hashicorp/vsphere\"]",
      "instances": [
        {
          "schema_version": 3,
          "attributes": {
            "alternate_guest_name": "",
            "annotation": "",
            "boot_delay": 5000,
            "boot_retry_delay": 10000,
            "boot_retry_enabled": false,
            "cdrom": [],
            "change_version": "2025-01-16T04:49:32.399088Z",
            "clone": [
              {
                "customization_spec": [],
                "customize": [
                  {
                    "dns_server_list": [
                      "10.0.6.3"
                    ],
                    "dns_suffix_list": null,
                    "ipv4_gateway": "10.0.6.2",
                    "ipv6_gateway": "",
                    "linux_options": [
                      {
                        "domain": "idevops.io.vn",
                        "host_name": "k8s-m02",
                        "hw_clock_utc": true,
                        "script_text": "",
                        "time_zone": ""
                      }
                    ],
                    "network_interface": [
                      {
                        "dns_domain": "",
                        "dns_server_list": null,
                        "ipv4_address": "10.0.6.12",
                        "ipv4_netmask": 24,
                        "ipv6_address": "",
                        "ipv6_netmask": 0
                      }
                    ],
                    "timeout": 10,
                    "windows_options": [],
                    "windows_sysprep_text": ""
                  }
                ],
                "linked_clone": false,
                "ovf_network_map": null,
                "ovf_storage_map": null,
                "template_uuid": "423850b0-2348-c739-2e8d-e720153f56af",
                "timeout": 30
              }
            ],
            "cpu_hot_add_enabled": false,
            "cpu_hot_remove_enabled": false,
            "cpu_limit": -1,
            "cpu_performance_counters_enabled": false,
            "cpu_reservation": 0,
            "cpu_share_count": 4000,
            "cpu_share_level": "normal",
            "custom_attributes": null,
            "datacenter_id": null,
            "datastore_cluster_id": null,
            "datastore_id": "datastore-12",
            "default_ip_address": null,
            "disk": [
              {
                "attach": false,
                "controller_type": "scsi",
                "datastore_id": "datastore-12",
                "device_address": "scsi:0:0",
                "disk_mode": "persistent",
                "disk_sharing": "sharingNone",
                "eagerly_scrub": false,
                "io_limit": -1,
                "io_reservation": 0,
                "io_share_count": 1000,
                "io_share_level": "normal",
                "keep_on_remove": false,
                "key": 2000,
                "label": "disk0",
                "path": "k8s-m02/k8s-m02.vmdk",
                "size": 50,
                "storage_policy_id": "",
                "thin_provisioned": true,
                "unit_number": 0,
                "uuid": "6000C298-76b6-ee08-eb6a-a1bdfb93775e",
                "write_through": false
              }
            ],
            "efi_secure_boot_enabled": false,
            "enable_disk_uuid": false,
            "enable_logging": false,
            "ept_rvi_mode": "automatic",
            "extra_config": null,
            "extra_config_reboot_required": true,
            "firmware": "bios",
            "folder": "",
            "force_power_off": true,
            "guest_id": "rhel8_64Guest",
            "guest_ip_addresses": [],
            "hardware_version": 14,
            "host_system_id": "host-10",
            "hv_mode": "hvAuto",
            "id": "42360e4c-30fc-8f50-0673-bb3ad321017d",
            "ide_controller_count": 2,
            "ignored_guest_ips": null,
            "imported": null,
            "latency_sensitivity": "normal",
            "memory": 4096,
            "memory_hot_add_enabled": false,
            "memory_limit": -1,
            "memory_reservation": 0,
            "memory_reservation_locked_to_max": false,
            "memory_share_count": 40960,
            "memory_share_level": "normal",
            "migrate_wait_timeout": 30,
            "moid": "vm-107",
            "name": "k8s-m02",
            "nested_hv_enabled": false,
            "network_interface": [
              {
                "adapter_type": "vmxnet3",
                "bandwidth_limit": -1,
                "bandwidth_reservation": 0,
                "bandwidth_share_count": 50,
                "bandwidth_share_level": "normal",
                "device_address": "pci:0:7",
                "key": 4000,
                "mac_address": "00:50:56:b6:7b:d0",
                "network_id": "network-13",
                "ovf_mapping": "",
                "physical_function": "",
                "use_static_mac": false
              }
            ],
            "num_cores_per_socket": 1,
            "num_cpus": 4,
            "ovf_deploy": [],
            "pci_device_id": null,
            "power_state": "on",
            "poweron_timeout": 300,
            "reboot_required": false,
            "replace_trigger": null,
            "resource_pool_id": "resgroup-8",
            "run_tools_scripts_after_power_on": true,
            "run_tools_scripts_after_resume": true,
            "run_tools_scripts_before_guest_reboot": false,
            "run_tools_scripts_before_guest_shutdown": true,
            "run_tools_scripts_before_guest_standby": true,
            "sata_controller_count": 0,
            "scsi_bus_sharing": "noSharing",
            "scsi_controller_count": 1,
            "scsi_type": "pvscsi",
            "shutdown_wait_timeout": 3,
            "storage_policy_id": "",
            "swap_placement_policy": "inherit",
            "sync_time_with_host": true,
            "sync_time_with_host_periodically": null,
            "tags": null,
            "tools_upgrade_policy": "manual",
            "uuid": "42360e4c-30fc-8f50-0673-bb3ad321017d",
            "vapp": [],
            "vapp_transport": [],
            "vbs_enabled": false,
            "vmware_tools_status": "guestToolsRunning",
            "vmx_path": "k8s-m02/k8s-m02.vmx",
            "vtpm": [],
            "vvtd_enabled": false,
            "wait_for_guest_ip_timeout": 0,
            "wait_for_guest_net_routable": true,
            "wait_for_guest_net_timeout": 0
          },
          "sensitive_attributes": [
            [
              {
                "type": "get_attr",
                "value": "clone"
              },
              {
                "type": "index",
                "value": {
                  "value": 0,
                  "type": "number"
                }
              },
              {
                "type": "get_attr",
                "value": "customize"
              },
              {
                "type": "index",
                "value": {
                  "value": 0,
                  "type": "number"
                }
              },
              {
                "type": "get_attr",
                "value": "linux_options"
              },
              {
                "type": "index",
                "value": {
                  "value": 0,
                  "type": "number"
                }
              },
              {
                "type": "get_attr",
                "value": "script_text"
              }
            ],
            [
              {
                "type": "get_attr",
                "value": "clone"
              },
              {
                "type": "index",
                "value": {
                  "value": 0,
                  "type": "number"
                }
              },
              {
                "type": "get_attr",
                "value": "customize"
              },
              {
                "type": "index",
                "value": {
                  "value": 0,
                  "type": "number"
                }
              },
              {
                "type": "get_attr",
                "value": "windows_sysprep_text"
              }
            ]
          ],
          "private": "eyJzY2hlbWFfdmVyc2lvbiI6IjMifQ==",
          "dependencies": [
            "data.vsphere_compute_cluster.cluster",
            "data.vsphere_datacenter.dc",
            "data.vsphere_datastore.datastores",
            "data.vsphere_network.network",
            "data.vsphere_virtual_machine.template"
          ],
          "create_before_destroy": true
        }
      ]
    },
    {
      "module": "module.vcenter_vms[\"k8s-w01-infra\"]",
      "mode": "managed",
      "type": "vsphere_virtual_machine",
      "name": "vm",
      "provider": "provider[\"registry.terraform.io/hashicorp/vsphere\"]",
      "instances": [
        {
          "schema_version": 3,
          "attributes": {
            "alternate_guest_name": "",
            "annotation": "",
            "boot_delay": 5000,
            "boot_retry_delay": 10000,
            "boot_retry_enabled": false,
            "cdrom": [],
            "change_version": "2025-01-16T04:49:31.709149Z",
            "clone": [
              {
                "customization_spec": [],
                "customize": [
                  {
                    "dns_server_list": [
                      "10.0.6.3"
                    ],
                    "dns_suffix_list": null,
                    "ipv4_gateway": "10.0.6.2",
                    "ipv6_gateway": "",
                    "linux_options": [
                      {
                        "domain": "idevops.io.vn",
                        "host_name": "k8s-w01-infra",
                        "hw_clock_utc": true,
                        "script_text": "",
                        "time_zone": ""
                      }
                    ],
                    "network_interface": [
                      {
                        "dns_domain": "",
                        "dns_server_list": null,
                        "ipv4_address": "10.0.6.14",
                        "ipv4_netmask": 24,
                        "ipv6_address": "",
                        "ipv6_netmask": 0
                      }
                    ],
                    "timeout": 10,
                    "windows_options": [],
                    "windows_sysprep_text": ""
                  }
                ],
                "linked_clone": false,
                "ovf_network_map": null,
                "ovf_storage_map": null,
                "template_uuid": "423850b0-2348-c739-2e8d-e720153f56af",
                "timeout": 30
              }
            ],
            "cpu_hot_add_enabled": false,
            "cpu_hot_remove_enabled": false,
            "cpu_limit": -1,
            "cpu_performance_counters_enabled": false,
            "cpu_reservation": 0,
            "cpu_share_count": 8000,
            "cpu_share_level": "normal",
            "custom_attributes": null,
            "datacenter_id": null,
            "datastore_cluster_id": null,
            "datastore_id": "datastore-12",
            "default_ip_address": null,
            "disk": [
              {
                "attach": false,
                "controller_type": "scsi",
                "datastore_id": "datastore-12",
                "device_address": "scsi:0:0",
                "disk_mode": "persistent",
                "disk_sharing": "sharingNone",
                "eagerly_scrub": false,
                "io_limit": -1,
                "io_reservation": 0,
                "io_share_count": 1000,
                "io_share_level": "normal",
                "keep_on_remove": false,
                "key": 2000,
                "label": "disk0",
                "path": "k8s-w01-infra/k8s-w01-infra.vmdk",
                "size": 50,
                "storage_policy_id": "",
                "thin_provisioned": true,
                "unit_number": 0,
                "uuid": "6000C295-bce7-728b-2214-5ffe2bf7a954",
                "write_through": false
              }
            ],
            "efi_secure_boot_enabled": false,
            "enable_disk_uuid": false,
            "enable_logging": false,
            "ept_rvi_mode": "automatic",
            "extra_config": null,
            "extra_config_reboot_required": true,
            "firmware": "bios",
            "folder": "",
            "force_power_off": true,
            "guest_id": "rhel8_64Guest",
            "guest_ip_addresses": [],
            "hardware_version": 14,
            "host_system_id": "host-10",
            "hv_mode": "hvAuto",
            "id": "4236301e-5a9d-df52-07be-6e30a3237efe",
            "ide_controller_count": 2,
            "ignored_guest_ips": null,
            "imported": null,
            "latency_sensitivity": "normal",
            "memory": 8192,
            "memory_hot_add_enabled": false,
            "memory_limit": -1,
            "memory_reservation": 0,
            "memory_reservation_locked_to_max": false,
            "memory_share_count": 81920,
            "memory_share_level": "normal",
            "migrate_wait_timeout": 30,
            "moid": "vm-108",
            "name": "k8s-w01-infra",
            "nested_hv_enabled": false,
            "network_interface": [
              {
                "adapter_type": "vmxnet3",
                "bandwidth_limit": -1,
                "bandwidth_reservation": 0,
                "bandwidth_share_count": 50,
                "bandwidth_share_level": "normal",
                "device_address": "pci:0:7",
                "key": 4000,
                "mac_address": "00:50:56:b6:77:d3",
                "network_id": "network-13",
                "ovf_mapping": "",
                "physical_function": "",
                "use_static_mac": false
              }
            ],
            "num_cores_per_socket": 1,
            "num_cpus": 8,
            "ovf_deploy": [],
            "pci_device_id": null,
            "power_state": "on",
            "poweron_timeout": 300,
            "reboot_required": false,
            "replace_trigger": null,
            "resource_pool_id": "resgroup-8",
            "run_tools_scripts_after_power_on": true,
            "run_tools_scripts_after_resume": true,
            "run_tools_scripts_before_guest_reboot": false,
            "run_tools_scripts_before_guest_shutdown": true,
            "run_tools_scripts_before_guest_standby": true,
            "sata_controller_count": 0,
            "scsi_bus_sharing": "noSharing",
            "scsi_controller_count": 1,
            "scsi_type": "pvscsi",
            "shutdown_wait_timeout": 3,
            "storage_policy_id": "",
            "swap_placement_policy": "inherit",
            "sync_time_with_host": true,
            "sync_time_with_host_periodically": null,
            "tags": null,
            "tools_upgrade_policy": "manual",
            "uuid": "4236301e-5a9d-df52-07be-6e30a3237efe",
            "vapp": [],
            "vapp_transport": [],
            "vbs_enabled": false,
            "vmware_tools_status": "guestToolsRunning",
            "vmx_path": "k8s-w01-infra/k8s-w01-infra.vmx",
            "vtpm": [],
            "vvtd_enabled": false,
            "wait_for_guest_ip_timeout": 0,
            "wait_for_guest_net_routable": true,
            "wait_for_guest_net_timeout": 0
          },
          "sensitive_attributes": [
            [
              {
                "type": "get_attr",
                "value": "clone"
              },
              {
                "type": "index",
                "value": {
                  "value": 0,
                  "type": "number"
                }
              },
              {
                "type": "get_attr",
                "value": "customize"
              },
              {
                "type": "index",
                "value": {
                  "value": 0,
                  "type": "number"
                }
              },
              {
                "type": "get_attr",
                "value": "linux_options"
              },
              {
                "type": "index",
                "value": {
                  "value": 0,
                  "type": "number"
                }
              },
              {
                "type": "get_attr",
                "value": "script_text"
              }
            ],
            [
              {
                "type": "get_attr",
                "value": "clone"
              },
              {
                "type": "index",
                "value": {
                  "value": 0,
                  "type": "number"
                }
              },
              {
                "type": "get_attr",
                "value": "customize"
              },
              {
                "type": "index",
                "value": {
                  "value": 0,
                  "type": "number"
                }
              },
              {
                "type": "get_attr",
                "value": "windows_sysprep_text"
              }
            ]
          ],
          "private": "eyJzY2hlbWFfdmVyc2lvbiI6IjMifQ==",
          "dependencies": [
            "data.vsphere_compute_cluster.cluster",
            "data.vsphere_datacenter.dc",
            "data.vsphere_datastore.datastores",
            "data.vsphere_network.network",
            "data.vsphere_virtual_machine.template"
          ],
          "create_before_destroy": true
        }
      ]
    },
    {
      "module": "module.vcenter_vms[\"k8s-w04-dbs\"]",
      "mode": "managed",
      "type": "vsphere_virtual_machine",
      "name": "vm",
      "provider": "provider[\"registry.terraform.io/hashicorp/vsphere\"]",
      "instances": [
        {
          "schema_version": 3,
          "attributes": {
            "alternate_guest_name": "",
            "annotation": "",
            "boot_delay": 5000,
            "boot_retry_delay": 10000,
            "boot_retry_enabled": false,
            "cdrom": [],
            "change_version": "2025-01-16T04:53:30.924208Z",
            "clone": [
              {
                "customization_spec": [],
                "customize": [
                  {
                    "dns_server_list": [
                      "10.0.6.3"
                    ],
                    "dns_suffix_list": null,
                    "ipv4_gateway": "10.0.6.2",
                    "ipv6_gateway": "",
                    "linux_options": [
                      {
                        "domain": "idevops.io.vn",
                        "host_name": "k8s-w04-dbs",
                        "hw_clock_utc": true,
                        "script_text": "",
                        "time_zone": ""
                      }
                    ],
                    "network_interface": [
                      {
                        "dns_domain": "",
                        "dns_server_list": null,
                        "ipv4_address": "10.0.6.17",
                        "ipv4_netmask": 24,
                        "ipv6_address": "",
                        "ipv6_netmask": 0
                      }
                    ],
                    "timeout": 10,
                    "windows_options": [],
                    "windows_sysprep_text": ""
                  }
                ],
                "linked_clone": false,
                "ovf_network_map": null,
                "ovf_storage_map": null,
                "template_uuid": "423850b0-2348-c739-2e8d-e720153f56af",
                "timeout": 30
              }
            ],
            "cpu_hot_add_enabled": false,
            "cpu_hot_remove_enabled": false,
            "cpu_limit": -1,
            "cpu_performance_counters_enabled": false,
            "cpu_reservation": 0,
            "cpu_share_count": 8000,
            "cpu_share_level": "normal",
            "custom_attributes": null,
            "datacenter_id": null,
            "datastore_cluster_id": null,
            "datastore_id": "datastore-12",
            "default_ip_address": null,
            "disk": [
              {
                "attach": false,
                "controller_type": "scsi",
                "datastore_id": "datastore-12",
                "device_address": "scsi:0:0",
                "disk_mode": "persistent",
                "disk_sharing": "sharingNone",
                "eagerly_scrub": false,
                "io_limit": -1,
                "io_reservation": 0,
                "io_share_count": 1000,
                "io_share_level": "normal",
                "keep_on_remove": false,
                "key": 2000,
                "label": "disk0",
                "path": "k8s-w04-dbs/k8s-w04-dbs.vmdk",
                "size": 50,
                "storage_policy_id": "",
                "thin_provisioned": true,
                "unit_number": 0,
                "uuid": "6000C29f-2f7b-2bdc-b708-c63e8533a7a9",
                "write_through": false
              }
            ],
            "efi_secure_boot_enabled": false,
            "enable_disk_uuid": false,
            "enable_logging": false,
            "ept_rvi_mode": "automatic",
            "extra_config": null,
            "extra_config_reboot_required": true,
            "firmware": "bios",
            "folder": "",
            "force_power_off": true,
            "guest_id": "rhel8_64Guest",
            "guest_ip_addresses": [],
            "hardware_version": 14,
            "host_system_id": "host-10",
            "hv_mode": "hvAuto",
            "id": "42363d04-0e65-2b27-8d35-cda4be2ee064",
            "ide_controller_count": 2,
            "ignored_guest_ips": null,
            "imported": null,
            "latency_sensitivity": "normal",
            "memory": 8192,
            "memory_hot_add_enabled": false,
            "memory_limit": -1,
            "memory_reservation": 0,
            "memory_reservation_locked_to_max": false,
            "memory_share_count": 81920,
            "memory_share_level": "normal",
            "migrate_wait_timeout": 30,
            "moid": "vm-111",
            "name": "k8s-w04-dbs",
            "nested_hv_enabled": false,
            "network_interface": [
              {
                "adapter_type": "vmxnet3",
                "bandwidth_limit": -1,
                "bandwidth_reservation": 0,
                "bandwidth_share_count": 50,
                "bandwidth_share_level": "normal",
                "device_address": "pci:0:7",
                "key": 4000,
                "mac_address": "00:50:56:b6:58:0e",
                "network_id": "network-13",
                "ovf_mapping": "",
                "physical_function": "",
                "use_static_mac": false
              }
            ],
            "num_cores_per_socket": 1,
            "num_cpus": 8,
            "ovf_deploy": [],
            "pci_device_id": null,
            "power_state": "on",
            "poweron_timeout": 300,
            "reboot_required": false,
            "replace_trigger": null,
            "resource_pool_id": "resgroup-8",
            "run_tools_scripts_after_power_on": true,
            "run_tools_scripts_after_resume": true,
            "run_tools_scripts_before_guest_reboot": false,
            "run_tools_scripts_before_guest_shutdown": true,
            "run_tools_scripts_before_guest_standby": true,
            "sata_controller_count": 0,
            "scsi_bus_sharing": "noSharing",
            "scsi_controller_count": 1,
            "scsi_type": "pvscsi",
            "shutdown_wait_timeout": 3,
            "storage_policy_id": "",
            "swap_placement_policy": "inherit",
            "sync_time_with_host": true,
            "sync_time_with_host_periodically": null,
            "tags": null,
            "tools_upgrade_policy": "manual",
            "uuid": "42363d04-0e65-2b27-8d35-cda4be2ee064",
            "vapp": [],
            "vapp_transport": [],
            "vbs_enabled": false,
            "vmware_tools_status": "guestToolsRunning",
            "vmx_path": "k8s-w04-dbs/k8s-w04-dbs.vmx",
            "vtpm": [],
            "vvtd_enabled": false,
            "wait_for_guest_ip_timeout": 0,
            "wait_for_guest_net_routable": true,
            "wait_for_guest_net_timeout": 0
          },
          "sensitive_attributes": [
            [
              {
                "type": "get_attr",
                "value": "clone"
              },
              {
                "type": "index",
                "value": {
                  "value": 0,
                  "type": "number"
                }
              },
              {
                "type": "get_attr",
                "value": "customize"
              },
              {
                "type": "index",
                "value": {
                  "value": 0,
                  "type": "number"
                }
              },
              {
                "type": "get_attr",
                "value": "windows_sysprep_text"
              }
            ],
            [
              {
                "type": "get_attr",
                "value": "clone"
              },
              {
                "type": "index",
                "value": {
                  "value": 0,
                  "type": "number"
                }
              },
              {
                "type": "get_attr",
                "value": "customize"
              },
              {
                "type": "index",
                "value": {
                  "value": 0,
                  "type": "number"
                }
              },
              {
                "type": "get_attr",
                "value": "linux_options"
              },
              {
                "type": "index",
                "value": {
                  "value": 0,
                  "type": "number"
                }
              },
              {
                "type": "get_attr",
                "value": "script_text"
              }
            ]
          ],
          "private": "eyJzY2hlbWFfdmVyc2lvbiI6IjMifQ==",
          "dependencies": [
            "data.vsphere_compute_cluster.cluster",
            "data.vsphere_datacenter.dc",
            "data.vsphere_datastore.datastores",
            "data.vsphere_network.network",
            "data.vsphere_virtual_machine.template"
          ],
          "create_before_destroy": true
        }
      ]
    }
  ],
  "check_results": [
    {
      "object_kind": "var",
      "config_addr": "module.vcenter_vms.var.vm_hostname",
      "status": "pass",
      "objects": [
        {
          "object_addr": "module.vcenter_vms[\"k8s-devops\"].var.vm_hostname",
          "status": "pass"
        },
        {
          "object_addr": "module.vcenter_vms[\"k8s-m03\"].var.vm_hostname",
          "status": "pass"
        },
        {
          "object_addr": "module.vcenter_vms[\"k8s-w02-infra\"].var.vm_hostname",
          "status": "pass"
        },
        {
          "object_addr": "module.vcenter_vms[\"k8s-w04-dbs\"].var.vm_hostname",
          "status": "pass"
        },
        {
          "object_addr": "module.vcenter_vms[\"k8s-w01-infra\"].var.vm_hostname",
          "status": "pass"
        },
        {
          "object_addr": "module.vcenter_vms[\"k8s-w06-dbs\"].var.vm_hostname",
          "status": "pass"
        },
        {
          "object_addr": "module.vcenter_vms[\"k8s-m01\"].var.vm_hostname",
          "status": "pass"
        },
        {
          "object_addr": "module.vcenter_vms[\"k8s-jumserver\"].var.vm_hostname",
          "status": "pass"
        },
        {
          "object_addr": "module.vcenter_vms[\"k8s-m02\"].var.vm_hostname",
          "status": "pass"
        },
        {
          "object_addr": "module.vcenter_vms[\"k8s-w07-apps\"].var.vm_hostname",
          "status": "pass"
        },
        {
          "object_addr": "module.vcenter_vms[\"k8s-w05-dbs\"].var.vm_hostname",
          "status": "pass"
        },
        {
          "object_addr": "module.vcenter_vms[\"k8s-w03-infra\"].var.vm_hostname",
          "status": "pass"
        }
      ]
    },
    {
      "object_kind": "var",
      "config_addr": "module.vcenter_vms.var.ipv4_gateway",
      "status": "pass",
      "objects": [
        {
          "object_addr": "module.vcenter_vms[\"k8s-devops\"].var.ipv4_gateway",
          "status": "pass"
        },
        {
          "object_addr": "module.vcenter_vms[\"k8s-w03-infra\"].var.ipv4_gateway",
          "status": "pass"
        },
        {
          "object_addr": "module.vcenter_vms[\"k8s-w01-infra\"].var.ipv4_gateway",
          "status": "pass"
        },
        {
          "object_addr": "module.vcenter_vms[\"k8s-w06-dbs\"].var.ipv4_gateway",
          "status": "pass"
        },
        {
          "object_addr": "module.vcenter_vms[\"k8s-w07-apps\"].var.ipv4_gateway",
          "status": "pass"
        },
        {
          "object_addr": "module.vcenter_vms[\"k8s-m03\"].var.ipv4_gateway",
          "status": "pass"
        },
        {
          "object_addr": "module.vcenter_vms[\"k8s-jumserver\"].var.ipv4_gateway",
          "status": "pass"
        },
        {
          "object_addr": "module.vcenter_vms[\"k8s-m02\"].var.ipv4_gateway",
          "status": "pass"
        },
        {
          "object_addr": "module.vcenter_vms[\"k8s-w05-dbs\"].var.ipv4_gateway",
          "status": "pass"
        },
        {
          "object_addr": "module.vcenter_vms[\"k8s-w02-infra\"].var.ipv4_gateway",
          "status": "pass"
        },
        {
          "object_addr": "module.vcenter_vms[\"k8s-w04-dbs\"].var.ipv4_gateway",
          "status": "pass"
        },
        {
          "object_addr": "module.vcenter_vms[\"k8s-m01\"].var.ipv4_gateway",
          "status": "pass"
        }
      ]
    },
    {
      "object_kind": "var",
      "config_addr": "module.vcenter_vms.var.num_cpus",
      "status": "pass",
      "objects": [
        {
          "object_addr": "module.vcenter_vms[\"k8s-w02-infra\"].var.num_cpus",
          "status": "pass"
        },
        {
          "object_addr": "module.vcenter_vms[\"k8s-w03-infra\"].var.num_cpus",
          "status": "pass"
        },
        {
          "object_addr": "module.vcenter_vms[\"k8s-w06-dbs\"].var.num_cpus",
          "status": "pass"
        },
        {
          "object_addr": "module.vcenter_vms[\"k8s-jumserver\"].var.num_cpus",
          "status": "pass"
        },
        {
          "object_addr": "module.vcenter_vms[\"k8s-m01\"].var.num_cpus",
          "status": "pass"
        },
        {
          "object_addr": "module.vcenter_vms[\"k8s-m03\"].var.num_cpus",
          "status": "pass"
        },
        {
          "object_addr": "module.vcenter_vms[\"k8s-w04-dbs\"].var.num_cpus",
          "status": "pass"
        },
        {
          "object_addr": "module.vcenter_vms[\"k8s-devops\"].var.num_cpus",
          "status": "pass"
        },
        {
          "object_addr": "module.vcenter_vms[\"k8s-w05-dbs\"].var.num_cpus",
          "status": "pass"
        },
        {
          "object_addr": "module.vcenter_vms[\"k8s-w01-infra\"].var.num_cpus",
          "status": "pass"
        },
        {
          "object_addr": "module.vcenter_vms[\"k8s-w07-apps\"].var.num_cpus",
          "status": "pass"
        },
        {
          "object_addr": "module.vcenter_vms[\"k8s-m02\"].var.num_cpus",
          "status": "pass"
        }
      ]
    },
    {
      "object_kind": "var",
      "config_addr": "module.vcenter_vms.var.domain",
      "status": "pass",
      "objects": [
        {
          "object_addr": "module.vcenter_vms[\"k8s-w04-dbs\"].var.domain",
          "status": "pass"
        },
        {
          "object_addr": "module.vcenter_vms[\"k8s-m03\"].var.domain",
          "status": "pass"
        },
        {
          "object_addr": "module.vcenter_vms[\"k8s-w01-infra\"].var.domain",
          "status": "pass"
        },
        {
          "object_addr": "module.vcenter_vms[\"k8s-jumserver\"].var.domain",
          "status": "pass"
        },
        {
          "object_addr": "module.vcenter_vms[\"k8s-m02\"].var.domain",
          "status": "pass"
        },
        {
          "object_addr": "module.vcenter_vms[\"k8s-w03-infra\"].var.domain",
          "status": "pass"
        },
        {
          "object_addr": "module.vcenter_vms[\"k8s-devops\"].var.domain",
          "status": "pass"
        },
        {
          "object_addr": "module.vcenter_vms[\"k8s-m01\"].var.domain",
          "status": "pass"
        },
        {
          "object_addr": "module.vcenter_vms[\"k8s-w07-apps\"].var.domain",
          "status": "pass"
        },
        {
          "object_addr": "module.vcenter_vms[\"k8s-w05-dbs\"].var.domain",
          "status": "pass"
        },
        {
          "object_addr": "module.vcenter_vms[\"k8s-w06-dbs\"].var.domain",
          "status": "pass"
        },
        {
          "object_addr": "module.vcenter_vms[\"k8s-w02-infra\"].var.domain",
          "status": "pass"
        }
      ]
    },
    {
      "object_kind": "var",
      "config_addr": "module.vcenter_vms.var.vm_name",
      "status": "pass",
      "objects": [
        {
          "object_addr": "module.vcenter_vms[\"k8s-m03\"].var.vm_name",
          "status": "pass"
        },
        {
          "object_addr": "module.vcenter_vms[\"k8s-m02\"].var.vm_name",
          "status": "pass"
        },
        {
          "object_addr": "module.vcenter_vms[\"k8s-w03-infra\"].var.vm_name",
          "status": "pass"
        },
        {
          "object_addr": "module.vcenter_vms[\"k8s-m01\"].var.vm_name",
          "status": "pass"
        },
        {
          "object_addr": "module.vcenter_vms[\"k8s-jumserver\"].var.vm_name",
          "status": "pass"
        },
        {
          "object_addr": "module.vcenter_vms[\"k8s-devops\"].var.vm_name",
          "status": "pass"
        },
        {
          "object_addr": "module.vcenter_vms[\"k8s-w04-dbs\"].var.vm_name",
          "status": "pass"
        },
        {
          "object_addr": "module.vcenter_vms[\"k8s-w02-infra\"].var.vm_name",
          "status": "pass"
        },
        {
          "object_addr": "module.vcenter_vms[\"k8s-w05-dbs\"].var.vm_name",
          "status": "pass"
        },
        {
          "object_addr": "module.vcenter_vms[\"k8s-w07-apps\"].var.vm_name",
          "status": "pass"
        },
        {
          "object_addr": "module.vcenter_vms[\"k8s-w06-dbs\"].var.vm_name",
          "status": "pass"
        },
        {
          "object_addr": "module.vcenter_vms[\"k8s-w01-infra\"].var.vm_name",
          "status": "pass"
        }
      ]
    },
    {
      "object_kind": "var",
      "config_addr": "module.vcenter_vms.var.adapter_type",
      "status": "pass",
      "objects": [
        {
          "object_addr": "module.vcenter_vms[\"k8s-w04-dbs\"].var.adapter_type",
          "status": "pass"
        },
        {
          "object_addr": "module.vcenter_vms[\"k8s-w01-infra\"].var.adapter_type",
          "status": "pass"
        },
        {
          "object_addr": "module.vcenter_vms[\"k8s-w05-dbs\"].var.adapter_type",
          "status": "pass"
        },
        {
          "object_addr": "module.vcenter_vms[\"k8s-m03\"].var.adapter_type",
          "status": "pass"
        },
        {
          "object_addr": "module.vcenter_vms[\"k8s-devops\"].var.adapter_type",
          "status": "pass"
        },
        {
          "object_addr": "module.vcenter_vms[\"k8s-w07-apps\"].var.adapter_type",
          "status": "pass"
        },
        {
          "object_addr": "module.vcenter_vms[\"k8s-jumserver\"].var.adapter_type",
          "status": "pass"
        },
        {
          "object_addr": "module.vcenter_vms[\"k8s-w06-dbs\"].var.adapter_type",
          "status": "pass"
        },
        {
          "object_addr": "module.vcenter_vms[\"k8s-m02\"].var.adapter_type",
          "status": "pass"
        },
        {
          "object_addr": "module.vcenter_vms[\"k8s-w03-infra\"].var.adapter_type",
          "status": "pass"
        },
        {
          "object_addr": "module.vcenter_vms[\"k8s-w02-infra\"].var.adapter_type",
          "status": "pass"
        },
        {
          "object_addr": "module.vcenter_vms[\"k8s-m01\"].var.adapter_type",
          "status": "pass"
        }
      ]
    },
    {
      "object_kind": "var",
      "config_addr": "module.vcenter_vms.var.ipv4_netmask",
      "status": "pass",
      "objects": [
        {
          "object_addr": "module.vcenter_vms[\"k8s-m03\"].var.ipv4_netmask",
          "status": "pass"
        },
        {
          "object_addr": "module.vcenter_vms[\"k8s-w07-apps\"].var.ipv4_netmask",
          "status": "pass"
        },
        {
          "object_addr": "module.vcenter_vms[\"k8s-w05-dbs\"].var.ipv4_netmask",
          "status": "pass"
        },
        {
          "object_addr": "module.vcenter_vms[\"k8s-devops\"].var.ipv4_netmask",
          "status": "pass"
        },
        {
          "object_addr": "module.vcenter_vms[\"k8s-m02\"].var.ipv4_netmask",
          "status": "pass"
        },
        {
          "object_addr": "module.vcenter_vms[\"k8s-w06-dbs\"].var.ipv4_netmask",
          "status": "pass"
        },
        {
          "object_addr": "module.vcenter_vms[\"k8s-m01\"].var.ipv4_netmask",
          "status": "pass"
        },
        {
          "object_addr": "module.vcenter_vms[\"k8s-w04-dbs\"].var.ipv4_netmask",
          "status": "pass"
        },
        {
          "object_addr": "module.vcenter_vms[\"k8s-jumserver\"].var.ipv4_netmask",
          "status": "pass"
        },
        {
          "object_addr": "module.vcenter_vms[\"k8s-w03-infra\"].var.ipv4_netmask",
          "status": "pass"
        },
        {
          "object_addr": "module.vcenter_vms[\"k8s-w01-infra\"].var.ipv4_netmask",
          "status": "pass"
        },
        {
          "object_addr": "module.vcenter_vms[\"k8s-w02-infra\"].var.ipv4_netmask",
          "status": "pass"
        }
      ]
    },
    {
      "object_kind": "var",
      "config_addr": "module.vcenter_vms.var.dns_servers",
      "status": "pass",
      "objects": [
        {
          "object_addr": "module.vcenter_vms[\"k8s-w07-apps\"].var.dns_servers",
          "status": "pass"
        },
        {
          "object_addr": "module.vcenter_vms[\"k8s-w01-infra\"].var.dns_servers",
          "status": "pass"
        },
        {
          "object_addr": "module.vcenter_vms[\"k8s-w05-dbs\"].var.dns_servers",
          "status": "pass"
        },
        {
          "object_addr": "module.vcenter_vms[\"k8s-w04-dbs\"].var.dns_servers",
          "status": "pass"
        },
        {
          "object_addr": "module.vcenter_vms[\"k8s-w02-infra\"].var.dns_servers",
          "status": "pass"
        },
        {
          "object_addr": "module.vcenter_vms[\"k8s-devops\"].var.dns_servers",
          "status": "pass"
        },
        {
          "object_addr": "module.vcenter_vms[\"k8s-w06-dbs\"].var.dns_servers",
          "status": "pass"
        },
        {
          "object_addr": "module.vcenter_vms[\"k8s-m01\"].var.dns_servers",
          "status": "pass"
        },
        {
          "object_addr": "module.vcenter_vms[\"k8s-w03-infra\"].var.dns_servers",
          "status": "pass"
        },
        {
          "object_addr": "module.vcenter_vms[\"k8s-m02\"].var.dns_servers",
          "status": "pass"
        },
        {
          "object_addr": "module.vcenter_vms[\"k8s-m03\"].var.dns_servers",
          "status": "pass"
        },
        {
          "object_addr": "module.vcenter_vms[\"k8s-jumserver\"].var.dns_servers",
          "status": "pass"
        }
      ]
    },
    {
      "object_kind": "var",
      "config_addr": "module.vcenter_vms.var.memory",
      "status": "pass",
      "objects": [
        {
          "object_addr": "module.vcenter_vms[\"k8s-devops\"].var.memory",
          "status": "pass"
        },
        {
          "object_addr": "module.vcenter_vms[\"k8s-m01\"].var.memory",
          "status": "pass"
        },
        {
          "object_addr": "module.vcenter_vms[\"k8s-m02\"].var.memory",
          "status": "pass"
        },
        {
          "object_addr": "module.vcenter_vms[\"k8s-w02-infra\"].var.memory",
          "status": "pass"
        },
        {
          "object_addr": "module.vcenter_vms[\"k8s-w06-dbs\"].var.memory",
          "status": "pass"
        },
        {
          "object_addr": "module.vcenter_vms[\"k8s-m03\"].var.memory",
          "status": "pass"
        },
        {
          "object_addr": "module.vcenter_vms[\"k8s-w01-infra\"].var.memory",
          "status": "pass"
        },
        {
          "object_addr": "module.vcenter_vms[\"k8s-w07-apps\"].var.memory",
          "status": "pass"
        },
        {
          "object_addr": "module.vcenter_vms[\"k8s-jumserver\"].var.memory",
          "status": "pass"
        },
        {
          "object_addr": "module.vcenter_vms[\"k8s-w04-dbs\"].var.memory",
          "status": "pass"
        },
        {
          "object_addr": "module.vcenter_vms[\"k8s-w05-dbs\"].var.memory",
          "status": "pass"
        },
        {
          "object_addr": "module.vcenter_vms[\"k8s-w03-infra\"].var.memory",
          "status": "pass"
        }
      ]
    },
    {
      "object_kind": "var",
      "config_addr": "module.vcenter_vms.var.ipv4_address",
      "status": "pass",
      "objects": [
        {
          "object_addr": "module.vcenter_vms[\"k8s-devops\"].var.ipv4_address",
          "status": "pass"
        },
        {
          "object_addr": "module.vcenter_vms[\"k8s-w02-infra\"].var.ipv4_address",
          "status": "pass"
        },
        {
          "object_addr": "module.vcenter_vms[\"k8s-w06-dbs\"].var.ipv4_address",
          "status": "pass"
        },
        {
          "object_addr": "module.vcenter_vms[\"k8s-w01-infra\"].var.ipv4_address",
          "status": "pass"
        },
        {
          "object_addr": "module.vcenter_vms[\"k8s-w05-dbs\"].var.ipv4_address",
          "status": "pass"
        },
        {
          "object_addr": "module.vcenter_vms[\"k8s-m02\"].var.ipv4_address",
          "status": "pass"
        },
        {
          "object_addr": "module.vcenter_vms[\"k8s-m03\"].var.ipv4_address",
          "status": "pass"
        },
        {
          "object_addr": "module.vcenter_vms[\"k8s-jumserver\"].var.ipv4_address",
          "status": "pass"
        },
        {
          "object_addr": "module.vcenter_vms[\"k8s-w03-infra\"].var.ipv4_address",
          "status": "pass"
        },
        {
          "object_addr": "module.vcenter_vms[\"k8s-w04-dbs\"].var.ipv4_address",
          "status": "pass"
        },
        {
          "object_addr": "module.vcenter_vms[\"k8s-w07-apps\"].var.ipv4_address",
          "status": "pass"
        },
        {
          "object_addr": "module.vcenter_vms[\"k8s-m01\"].var.ipv4_address",
          "status": "pass"
        }
      ]
    },
    {
      "object_kind": "var",
      "config_addr": "var.environment",
      "status": "pass",
      "objects": [
        {
          "object_addr": "var.environment",
          "status": "pass"
        }
      ]
    },
    {
      "object_kind": "var",
      "config_addr": "module.vcenter_vms.var.disk_size",
      "status": "pass",
      "objects": [
        {
          "object_addr": "module.vcenter_vms[\"k8s-m02\"].var.disk_size",
          "status": "pass"
        },
        {
          "object_addr": "module.vcenter_vms[\"k8s-w03-infra\"].var.disk_size",
          "status": "pass"
        },
        {
          "object_addr": "module.vcenter_vms[\"k8s-devops\"].var.disk_size",
          "status": "pass"
        },
        {
          "object_addr": "module.vcenter_vms[\"k8s-w02-infra\"].var.disk_size",
          "status": "pass"
        },
        {
          "object_addr": "module.vcenter_vms[\"k8s-w04-dbs\"].var.disk_size",
          "status": "pass"
        },
        {
          "object_addr": "module.vcenter_vms[\"k8s-w01-infra\"].var.disk_size",
          "status": "pass"
        },
        {
          "object_addr": "module.vcenter_vms[\"k8s-jumserver\"].var.disk_size",
          "status": "pass"
        },
        {
          "object_addr": "module.vcenter_vms[\"k8s-w06-dbs\"].var.disk_size",
          "status": "pass"
        },
        {
          "object_addr": "module.vcenter_vms[\"k8s-w07-apps\"].var.disk_size",
          "status": "pass"
        },
        {
          "object_addr": "module.vcenter_vms[\"k8s-m01\"].var.disk_size",
          "status": "pass"
        },
        {
          "object_addr": "module.vcenter_vms[\"k8s-w05-dbs\"].var.disk_size",
          "status": "pass"
        },
        {
          "object_addr": "module.vcenter_vms[\"k8s-m03\"].var.disk_size",
          "status": "pass"
        }
      ]
    }
  ]
}
